{
  "version": 4,
  "terraform_version": "1.9.6",
  "serial": 36,
  "lineage": "6f5c7633-6c0e-69d5-b4b9-d70a1892a627",
  "outputs": {
    "api_endpoint": {
      "value": "https://vgrhy2mmig.execute-api.us-east-1.amazonaws.com/dev",
      "type": "string"
    },
    "auth_service_lambda_arn": {
      "value": "arn:aws:lambda:us-east-1:496778154277:function:auth-service-lambda",
      "type": "string"
    },
    "authorizer_lambda_arn": {
      "value": "arn:aws:lambda:us-east-1:496778154277:function:authorizer-lambda",
      "type": "string"
    }
  },
  "resources": [
    {
      "mode": "data",
      "type": "archive_file",
      "name": "auth_service_lambda_zip",
      "provider": "provider[\"registry.terraform.io/hashicorp/archive\"]",
      "instances": [
        {
          "schema_version": 0,
          "attributes": {
            "exclude_symlink_directories": null,
            "excludes": null,
            "id": "14456042efa733bf2cd6ed03a1d7dee17c036091",
            "output_base64sha256": "X4xm62Fmc76Ca6l4esh1dThzjb3anHYh5sBIhZ8n+pk=",
            "output_base64sha512": "pHzqevKwWAZMznjTulQCO4LaKNJ7rkHVxgRGLsNROJ7TtKFBnCXcY21nnwaH0nDd2jxf2NHD4T5l6QUuUVSyuQ==",
            "output_file_mode": null,
            "output_md5": "cfd02180aa6a8678a3bcd44e72c3922c",
            "output_path": "../lambdas/auth_service_lambda.zip",
            "output_sha": "14456042efa733bf2cd6ed03a1d7dee17c036091",
            "output_sha256": "5f8c66eb616673be826ba9787ac8757538738dbdda9c7621e6c048859f27fa99",
            "output_sha512": "a47cea7af2b058064cce78d3ba54023b82da28d27bae41d5c604462ec351389ed3b4a1419c25dc636d679f0687d270ddda3c5fd8d1c3e13e65e9052e5154b2b9",
            "output_size": 14571778,
            "source": [],
            "source_content": null,
            "source_content_filename": null,
            "source_dir": "../lambdas/auth_service_lambda_package",
            "source_file": null,
            "type": "zip"
          },
          "sensitive_attributes": []
        }
      ]
    },
    {
      "mode": "data",
      "type": "archive_file",
      "name": "authorizer_lambda_zip",
      "provider": "provider[\"registry.terraform.io/hashicorp/archive\"]",
      "instances": [
        {
          "schema_version": 0,
          "attributes": {
            "exclude_symlink_directories": null,
            "excludes": null,
            "id": "11d28675653315c1e1e5ebc64cdf324a608b1b28",
            "output_base64sha256": "Z+R2dpiScMzbSYsESu3aooVXr0YABu12b9+vt/6+6hc=",
            "output_base64sha512": "giiOFmplO+mwdq+DZ716U8rDqqECVyn45k3n+Yprb5aj9OL8+s9akwg15oQ28V1Z13JLgPIQOtsryb0i/n2z4Q==",
            "output_file_mode": null,
            "output_md5": "75fd1be6f2d371e72b7d20f242b08633",
            "output_path": "../lambdas/authorizer_lambda.zip",
            "output_sha": "11d28675653315c1e1e5ebc64cdf324a608b1b28",
            "output_sha256": "67e47676989270ccdb498b044aeddaa28557af460006ed766fdfafb7febeea17",
            "output_sha512": "82288e166a653be9b076af8367bd7a53cac3aaa1025729f8e64de7f98a6b6f96a3f4e2fcfacf5a930835e68436f15d59d7724b80f2103adb2bc9bd22fe7db3e1",
            "output_size": 66338,
            "source": [],
            "source_content": null,
            "source_content_filename": null,
            "source_dir": "../lambdas/authorizer_lambda_package",
            "source_file": null,
            "type": "zip"
          },
          "sensitive_attributes": []
        }
      ]
    },
    {
      "mode": "data",
      "type": "aws_iam_role",
      "name": "lambda_role",
      "provider": "provider[\"registry.terraform.io/hashicorp/aws\"]",
      "instances": [
        {
          "schema_version": 0,
          "attributes": {
            "arn": "arn:aws:iam::496778154277:role/LabRole",
            "assume_role_policy": "{\"Version\":\"2012-10-17\",\"Statement\":[{\"Effect\":\"Allow\",\"Principal\":{\"AWS\":\"arn:aws:iam::496778154277:role/LabRole\",\"Service\":[\"secretsmanager.amazonaws.com\",\"codedeploy.amazonaws.com\",\"codewhisperer.amazonaws.com\",\"ecs.amazonaws.com\",\"athena.amazonaws.com\",\"redshift.amazonaws.com\",\"eks.amazonaws.com\",\"logs.amazonaws.com\",\"cloudformation.amazonaws.com\",\"ec2.application-autoscaling.amazonaws.com\",\"elasticbeanstalk.amazonaws.com\",\"sqs.amazonaws.com\",\"deepracer.amazonaws.com\",\"sagemaker.amazonaws.com\",\"iotevents.amazonaws.com\",\"glue.amazonaws.com\",\"elasticmapreduce.amazonaws.com\",\"sns.amazonaws.com\",\"s3.amazonaws.com\",\"cloudtrail.amazonaws.com\",\"iotanalytics.amazonaws.com\",\"kms.amazonaws.com\",\"dynamodb.amazonaws.com\",\"cognito-idp.amazonaws.com\",\"ssm.amazonaws.com\",\"kinesisanalytics.amazonaws.com\",\"eks-fargate-pods.amazonaws.com\",\"events.amazonaws.com\",\"databrew.amazonaws.com\",\"kinesis.amazonaws.com\",\"application-autoscaling.amazonaws.com\",\"codecommit.amazonaws.com\",\"firehose.amazonaws.com\",\"elasticloadbalancing.amazonaws.com\",\"rekognition.amazonaws.com\",\"elasticfilesystem.amazonaws.com\",\"scheduler.amazonaws.com\",\"batch.amazonaws.com\",\"apigateway.amazonaws.com\",\"autoscaling.amazonaws.com\",\"states.amazonaws.com\",\"ec2.amazonaws.com\",\"ecs-tasks.amazonaws.com\",\"cloud9.amazonaws.com\",\"lambda.amazonaws.com\",\"pipes.amazonaws.com\",\"forecast.amazonaws.com\",\"credentials.iot.amazonaws.com\",\"iot.amazonaws.com\",\"backup.amazonaws.com\",\"rds.amazonaws.com\",\"servicecatalog.amazonaws.com\",\"resource-groups.amazonaws.com\"]},\"Action\":\"sts:AssumeRole\"}]}",
            "create_date": "2024-09-21T18:16:53Z",
            "description": "",
            "id": "LabRole",
            "max_session_duration": 3600,
            "name": "LabRole",
            "path": "/",
            "permissions_boundary": "",
            "role_last_used": [
              {
                "last_used_date": "2024-09-21T21:11:34Z",
                "region": "us-east-1"
              }
            ],
            "tags": {
              "cloudlab": "c134542a3412719l7671740t1w496778154277"
            },
            "unique_id": "AROAXHKSJCES3I332WH47"
          },
          "sensitive_attributes": []
        }
      ]
    },
    {
      "mode": "managed",
      "type": "aws_api_gateway_authorizer",
      "name": "api_authorizer",
      "provider": "provider[\"registry.terraform.io/hashicorp/aws\"]",
      "instances": [
        {
          "schema_version": 0,
          "attributes": {
            "arn": "arn:aws:apigateway:us-east-1::/restapis/vgrhy2mmig/authorizers/12wybi",
            "authorizer_credentials": "arn:aws:iam::496778154277:role/LabRole",
            "authorizer_result_ttl_in_seconds": 300,
            "authorizer_uri": "arn:aws:apigateway:us-east-1:lambda:path/2015-03-31/functions/arn:aws:lambda:us-east-1:496778154277:function:authorizer-lambda/invocations",
            "id": "12wybi",
            "identity_source": "method.request.header.Authorization",
            "identity_validation_expression": "",
            "name": "JWTAuthorizer",
            "provider_arns": [],
            "rest_api_id": "vgrhy2mmig",
            "type": "TOKEN"
          },
          "sensitive_attributes": [],
          "private": "bnVsbA==",
          "dependencies": [
            "aws_api_gateway_rest_api.api_gateway",
            "aws_lambda_function.authorizer_lambda",
            "data.archive_file.authorizer_lambda_zip",
            "data.aws_iam_role.lambda_role"
          ]
        }
      ]
    },
    {
      "mode": "managed",
      "type": "aws_api_gateway_deployment",
      "name": "api_deployment",
      "provider": "provider[\"registry.terraform.io/hashicorp/aws\"]",
      "instances": [
        {
          "schema_version": 0,
          "attributes": {
            "canary_settings": [],
            "created_date": "2024-09-21T22:00:34Z",
            "description": "",
            "execution_arn": "arn:aws:execute-api:us-east-1:496778154277:vgrhy2mmig/dev",
            "id": "8r3mtf",
            "invoke_url": "https://vgrhy2mmig.execute-api.us-east-1.amazonaws.com/dev",
            "rest_api_id": "vgrhy2mmig",
            "stage_description": null,
            "stage_name": "dev",
            "triggers": null,
            "variables": null
          },
          "sensitive_attributes": [],
          "private": "bnVsbA==",
          "dependencies": [
            "aws_api_gateway_authorizer.api_authorizer",
            "aws_api_gateway_integration.login_post_integration",
            "aws_api_gateway_integration.protected_get_integration",
            "aws_api_gateway_method.login_post",
            "aws_api_gateway_method.protected_get",
            "aws_api_gateway_resource.auth",
            "aws_api_gateway_resource.login",
            "aws_api_gateway_resource.protected_resource",
            "aws_api_gateway_rest_api.api_gateway",
            "aws_lambda_function.auth_service_lambda",
            "aws_lambda_function.authorizer_lambda",
            "data.archive_file.auth_service_lambda_zip",
            "data.archive_file.authorizer_lambda_zip",
            "data.aws_iam_role.lambda_role"
          ]
        }
      ]
    },
    {
      "mode": "managed",
      "type": "aws_api_gateway_integration",
      "name": "login_post_integration",
      "provider": "provider[\"registry.terraform.io/hashicorp/aws\"]",
      "instances": [
        {
          "schema_version": 0,
          "attributes": {
            "cache_key_parameters": [],
            "cache_namespace": "m6mawo",
            "connection_id": "",
            "connection_type": "INTERNET",
            "content_handling": "",
            "credentials": "",
            "http_method": "POST",
            "id": "agi-vgrhy2mmig-m6mawo-POST",
            "integration_http_method": "POST",
            "passthrough_behavior": "WHEN_NO_MATCH",
            "request_parameters": {},
            "request_templates": {},
            "resource_id": "m6mawo",
            "rest_api_id": "vgrhy2mmig",
            "timeout_milliseconds": 29000,
            "tls_config": [],
            "type": "AWS_PROXY",
            "uri": "arn:aws:apigateway:us-east-1:lambda:path/2015-03-31/functions/arn:aws:lambda:us-east-1:496778154277:function:auth-service-lambda/invocations"
          },
          "sensitive_attributes": [],
          "private": "bnVsbA==",
          "dependencies": [
            "aws_api_gateway_method.login_post",
            "aws_api_gateway_resource.auth",
            "aws_api_gateway_resource.login",
            "aws_api_gateway_rest_api.api_gateway",
            "aws_lambda_function.auth_service_lambda",
            "data.archive_file.auth_service_lambda_zip",
            "data.aws_iam_role.lambda_role"
          ]
        }
      ]
    },
    {
      "mode": "managed",
      "type": "aws_api_gateway_integration",
      "name": "protected_get_integration",
      "provider": "provider[\"registry.terraform.io/hashicorp/aws\"]",
      "instances": [
        {
          "schema_version": 0,
          "attributes": {
            "cache_key_parameters": null,
            "cache_namespace": "kwfiik",
            "connection_id": "",
            "connection_type": "INTERNET",
            "content_handling": "",
            "credentials": "",
            "http_method": "GET",
            "id": "agi-vgrhy2mmig-kwfiik-GET",
            "integration_http_method": "",
            "passthrough_behavior": "WHEN_NO_MATCH",
            "request_parameters": null,
            "request_templates": null,
            "resource_id": "kwfiik",
            "rest_api_id": "vgrhy2mmig",
            "timeout_milliseconds": 29000,
            "tls_config": [],
            "type": "MOCK",
            "uri": ""
          },
          "sensitive_attributes": [],
          "private": "bnVsbA==",
          "dependencies": [
            "aws_api_gateway_authorizer.api_authorizer",
            "aws_api_gateway_method.protected_get",
            "aws_api_gateway_resource.protected_resource",
            "aws_api_gateway_rest_api.api_gateway",
            "aws_lambda_function.authorizer_lambda",
            "data.archive_file.authorizer_lambda_zip",
            "data.aws_iam_role.lambda_role"
          ]
        }
      ]
    },
    {
      "mode": "managed",
      "type": "aws_api_gateway_method",
      "name": "login_post",
      "provider": "provider[\"registry.terraform.io/hashicorp/aws\"]",
      "instances": [
        {
          "schema_version": 0,
          "attributes": {
            "api_key_required": false,
            "authorization": "NONE",
            "authorization_scopes": [],
            "authorizer_id": "",
            "http_method": "POST",
            "id": "agm-vgrhy2mmig-m6mawo-POST",
            "operation_name": "",
            "request_models": {},
            "request_parameters": {},
            "request_validator_id": "",
            "resource_id": "m6mawo",
            "rest_api_id": "vgrhy2mmig"
          },
          "sensitive_attributes": [],
          "private": "bnVsbA==",
          "dependencies": [
            "aws_api_gateway_resource.auth",
            "aws_api_gateway_resource.login",
            "aws_api_gateway_rest_api.api_gateway"
          ]
        }
      ]
    },
    {
      "mode": "managed",
      "type": "aws_api_gateway_method",
      "name": "protected_get",
      "provider": "provider[\"registry.terraform.io/hashicorp/aws\"]",
      "instances": [
        {
          "schema_version": 0,
          "attributes": {
            "api_key_required": false,
            "authorization": "CUSTOM",
            "authorization_scopes": [],
            "authorizer_id": "12wybi",
            "http_method": "GET",
            "id": "agm-vgrhy2mmig-kwfiik-GET",
            "operation_name": "",
            "request_models": {},
            "request_parameters": {},
            "request_validator_id": "",
            "resource_id": "kwfiik",
            "rest_api_id": "vgrhy2mmig"
          },
          "sensitive_attributes": [],
          "private": "bnVsbA==",
          "dependencies": [
            "aws_api_gateway_authorizer.api_authorizer",
            "aws_api_gateway_resource.protected_resource",
            "aws_api_gateway_rest_api.api_gateway",
            "aws_lambda_function.authorizer_lambda",
            "data.archive_file.authorizer_lambda_zip",
            "data.aws_iam_role.lambda_role"
          ]
        }
      ]
    },
    {
      "mode": "managed",
      "type": "aws_api_gateway_resource",
      "name": "auth",
      "provider": "provider[\"registry.terraform.io/hashicorp/aws\"]",
      "instances": [
        {
          "schema_version": 0,
          "attributes": {
            "id": "17lcjh",
            "parent_id": "yp3bg02djf",
            "path": "/auth",
            "path_part": "auth",
            "rest_api_id": "vgrhy2mmig"
          },
          "sensitive_attributes": [],
          "private": "bnVsbA==",
          "dependencies": [
            "aws_api_gateway_rest_api.api_gateway"
          ]
        }
      ]
    },
    {
      "mode": "managed",
      "type": "aws_api_gateway_resource",
      "name": "login",
      "provider": "provider[\"registry.terraform.io/hashicorp/aws\"]",
      "instances": [
        {
          "schema_version": 0,
          "attributes": {
            "id": "m6mawo",
            "parent_id": "17lcjh",
            "path": "/auth/login",
            "path_part": "login",
            "rest_api_id": "vgrhy2mmig"
          },
          "sensitive_attributes": [],
          "private": "bnVsbA==",
          "dependencies": [
            "aws_api_gateway_resource.auth",
            "aws_api_gateway_rest_api.api_gateway"
          ]
        }
      ]
    },
    {
      "mode": "managed",
      "type": "aws_api_gateway_resource",
      "name": "protected_resource",
      "provider": "provider[\"registry.terraform.io/hashicorp/aws\"]",
      "instances": [
        {
          "schema_version": 0,
          "attributes": {
            "id": "kwfiik",
            "parent_id": "yp3bg02djf",
            "path": "/protected",
            "path_part": "protected",
            "rest_api_id": "vgrhy2mmig"
          },
          "sensitive_attributes": [],
          "private": "bnVsbA==",
          "dependencies": [
            "aws_api_gateway_rest_api.api_gateway"
          ]
        }
      ]
    },
    {
      "mode": "managed",
      "type": "aws_api_gateway_rest_api",
      "name": "api_gateway",
      "provider": "provider[\"registry.terraform.io/hashicorp/aws\"]",
      "instances": [
        {
          "schema_version": 0,
          "attributes": {
            "api_key_source": "HEADER",
            "arn": "arn:aws:apigateway:us-east-1::/restapis/vgrhy2mmig",
            "binary_media_types": [],
            "body": null,
            "created_date": "2024-09-21T21:42:59Z",
            "description": "",
            "disable_execute_api_endpoint": false,
            "endpoint_configuration": [
              {
                "types": [
                  "EDGE"
                ],
                "vpc_endpoint_ids": []
              }
            ],
            "execution_arn": "arn:aws:execute-api:us-east-1:496778154277:vgrhy2mmig",
            "fail_on_warnings": null,
            "id": "vgrhy2mmig",
            "minimum_compression_size": "",
            "name": "MyAPIGateway",
            "parameters": null,
            "policy": "",
            "put_rest_api_mode": null,
            "root_resource_id": "yp3bg02djf",
            "tags": {},
            "tags_all": {}
          },
          "sensitive_attributes": [],
          "private": "bnVsbA=="
        }
      ]
    },
    {
      "mode": "managed",
      "type": "aws_dynamodb_table",
      "name": "agendarConsulta",
      "provider": "provider[\"registry.terraform.io/hashicorp/aws\"]",
      "instances": [
        {
          "schema_version": 1,
          "attributes": {
            "arn": "arn:aws:dynamodb:us-east-1:496778154277:table/agendarConsulta",
            "attribute": [
              {
                "name": "id",
                "type": "S"
              }
            ],
            "billing_mode": "PAY_PER_REQUEST",
            "deletion_protection_enabled": false,
            "global_secondary_index": [],
            "hash_key": "id",
            "id": "agendarConsulta",
            "import_table": [],
            "local_secondary_index": [],
            "name": "agendarConsulta",
            "point_in_time_recovery": [
              {
                "enabled": false
              }
            ],
            "range_key": null,
            "read_capacity": 0,
            "replica": [],
            "restore_date_time": null,
            "restore_source_name": null,
            "restore_source_table_arn": null,
            "restore_to_latest_time": null,
            "server_side_encryption": [],
            "stream_arn": "",
            "stream_enabled": false,
            "stream_label": "",
            "stream_view_type": "",
            "table_class": "STANDARD",
            "tags": {
              "Environment": "Dev",
              "Name": "Agendar Consulta Table"
            },
            "tags_all": {
              "Environment": "Dev",
              "Name": "Agendar Consulta Table"
            },
            "timeouts": null,
            "ttl": [
              {
                "attribute_name": "",
                "enabled": false
              }
            ],
            "write_capacity": 0
          },
          "sensitive_attributes": [],
          "private": "eyJlMmJmYjczMC1lY2FhLTExZTYtOGY4OC0zNDM2M2JjN2M0YzAiOnsiY3JlYXRlIjoxODAwMDAwMDAwMDAwLCJkZWxldGUiOjYwMDAwMDAwMDAwMCwidXBkYXRlIjozNjAwMDAwMDAwMDAwfSwic2NoZW1hX3ZlcnNpb24iOiIxIn0="
        }
      ]
    },
    {
      "mode": "managed",
      "type": "aws_dynamodb_table",
      "name": "cliente",
      "provider": "provider[\"registry.terraform.io/hashicorp/aws\"]",
      "instances": [
        {
          "schema_version": 1,
          "attributes": {
            "arn": "arn:aws:dynamodb:us-east-1:496778154277:table/Cliente",
            "attribute": [
              {
                "name": "email",
                "type": "S"
              }
            ],
            "billing_mode": "PAY_PER_REQUEST",
            "deletion_protection_enabled": false,
            "global_secondary_index": [],
            "hash_key": "email",
            "id": "Cliente",
            "import_table": [],
            "local_secondary_index": [],
            "name": "Cliente",
            "point_in_time_recovery": [
              {
                "enabled": false
              }
            ],
            "range_key": null,
            "read_capacity": 0,
            "replica": [],
            "restore_date_time": null,
            "restore_source_name": null,
            "restore_source_table_arn": null,
            "restore_to_latest_time": null,
            "server_side_encryption": [],
            "stream_arn": "",
            "stream_enabled": false,
            "stream_label": "",
            "stream_view_type": "",
            "table_class": "STANDARD",
            "tags": {
              "Environment": "Dev",
              "Name": "Cliente Table"
            },
            "tags_all": {
              "Environment": "Dev",
              "Name": "Cliente Table"
            },
            "timeouts": null,
            "ttl": [
              {
                "attribute_name": "",
                "enabled": false
              }
            ],
            "write_capacity": 0
          },
          "sensitive_attributes": [],
          "private": "eyJlMmJmYjczMC1lY2FhLTExZTYtOGY4OC0zNDM2M2JjN2M0YzAiOnsiY3JlYXRlIjoxODAwMDAwMDAwMDAwLCJkZWxldGUiOjYwMDAwMDAwMDAwMCwidXBkYXRlIjozNjAwMDAwMDAwMDAwfSwic2NoZW1hX3ZlcnNpb24iOiIxIn0="
        }
      ]
    },
    {
      "mode": "managed",
      "type": "aws_dynamodb_table",
      "name": "horariosAtendimento",
      "provider": "provider[\"registry.terraform.io/hashicorp/aws\"]",
      "instances": [
        {
          "schema_version": 1,
          "attributes": {
            "arn": "arn:aws:dynamodb:us-east-1:496778154277:table/horariosAtendimento",
            "attribute": [
              {
                "name": "documentoMedico",
                "type": "S"
              },
              {
                "name": "horarioInicio",
                "type": "S"
              }
            ],
            "billing_mode": "PAY_PER_REQUEST",
            "deletion_protection_enabled": false,
            "global_secondary_index": [],
            "hash_key": "documentoMedico",
            "id": "horariosAtendimento",
            "import_table": [],
            "local_secondary_index": [],
            "name": "horariosAtendimento",
            "point_in_time_recovery": [
              {
                "enabled": false
              }
            ],
            "range_key": "horarioInicio",
            "read_capacity": 0,
            "replica": [],
            "restore_date_time": null,
            "restore_source_name": null,
            "restore_source_table_arn": null,
            "restore_to_latest_time": null,
            "server_side_encryption": [],
            "stream_arn": "",
            "stream_enabled": false,
            "stream_label": "",
            "stream_view_type": "",
            "table_class": "STANDARD",
            "tags": {
              "Environment": "Dev",
              "Name": "Horarios Atendimento Table"
            },
            "tags_all": {
              "Environment": "Dev",
              "Name": "Horarios Atendimento Table"
            },
            "timeouts": null,
            "ttl": [
              {
                "attribute_name": "",
                "enabled": false
              }
            ],
            "write_capacity": 0
          },
          "sensitive_attributes": [],
          "private": "eyJlMmJmYjczMC1lY2FhLTExZTYtOGY4OC0zNDM2M2JjN2M0YzAiOnsiY3JlYXRlIjoxODAwMDAwMDAwMDAwLCJkZWxldGUiOjYwMDAwMDAwMDAwMCwidXBkYXRlIjozNjAwMDAwMDAwMDAwfSwic2NoZW1hX3ZlcnNpb24iOiIxIn0="
        }
      ]
    },
    {
      "mode": "managed",
      "type": "aws_lambda_function",
      "name": "auth_service_lambda",
      "provider": "provider[\"registry.terraform.io/hashicorp/aws\"]",
      "instances": [
        {
          "schema_version": 0,
          "attributes": {
            "architectures": [
              "x86_64"
            ],
            "arn": "arn:aws:lambda:us-east-1:496778154277:function:auth-service-lambda",
            "code_sha256": "X4xm62Fmc76Ca6l4esh1dThzjb3anHYh5sBIhZ8n+pk=",
            "code_signing_config_arn": "",
            "dead_letter_config": [],
            "description": "",
            "environment": [
              {
                "variables": {
                  "JWT_SECRET": "postech70"
                }
              }
            ],
            "ephemeral_storage": [
              {
                "size": 512
              }
            ],
            "file_system_config": [],
            "filename": "../lambdas/auth_service_lambda.zip",
            "function_name": "auth-service-lambda",
            "handler": "auth_service_lambda.lambda_handler",
            "id": "auth-service-lambda",
            "image_config": [],
            "image_uri": "",
            "invoke_arn": "arn:aws:apigateway:us-east-1:lambda:path/2015-03-31/functions/arn:aws:lambda:us-east-1:496778154277:function:auth-service-lambda/invocations",
            "kms_key_arn": "",
            "last_modified": "2024-09-21T22:00:19.683+0000",
            "layers": [],
            "logging_config": [
              {
                "application_log_level": "",
                "log_format": "Text",
                "log_group": "/aws/lambda/auth-service-lambda",
                "system_log_level": ""
              }
            ],
            "memory_size": 128,
            "package_type": "Zip",
            "publish": false,
            "qualified_arn": "arn:aws:lambda:us-east-1:496778154277:function:auth-service-lambda:$LATEST",
            "qualified_invoke_arn": "arn:aws:apigateway:us-east-1:lambda:path/2015-03-31/functions/arn:aws:lambda:us-east-1:496778154277:function:auth-service-lambda:$LATEST/invocations",
            "replace_security_groups_on_destroy": null,
            "replacement_security_group_ids": null,
            "reserved_concurrent_executions": -1,
            "role": "arn:aws:iam::496778154277:role/LabRole",
            "runtime": "python3.8",
            "s3_bucket": null,
            "s3_key": null,
            "s3_object_version": null,
            "signing_job_arn": "",
            "signing_profile_version_arn": "",
            "skip_destroy": false,
            "snap_start": [],
            "source_code_hash": "X4xm62Fmc76Ca6l4esh1dThzjb3anHYh5sBIhZ8n+pk=",
            "source_code_size": 14571778,
            "tags": {},
            "tags_all": {},
            "timeout": 30,
            "timeouts": null,
            "tracing_config": [
              {
                "mode": "PassThrough"
              }
            ],
            "version": "$LATEST",
            "vpc_config": []
          },
          "sensitive_attributes": [],
          "private": "eyJlMmJmYjczMC1lY2FhLTExZTYtOGY4OC0zNDM2M2JjN2M0YzAiOnsiY3JlYXRlIjo2MDAwMDAwMDAwMDAsImRlbGV0ZSI6NjAwMDAwMDAwMDAwLCJ1cGRhdGUiOjYwMDAwMDAwMDAwMH19",
          "dependencies": [
            "data.archive_file.auth_service_lambda_zip",
            "data.aws_iam_role.lambda_role"
          ]
        }
      ]
    },
    {
      "mode": "managed",
      "type": "aws_lambda_function",
      "name": "authorizer_lambda",
      "provider": "provider[\"registry.terraform.io/hashicorp/aws\"]",
      "instances": [
        {
          "schema_version": 0,
          "attributes": {
            "architectures": [
              "x86_64"
            ],
            "arn": "arn:aws:lambda:us-east-1:496778154277:function:authorizer-lambda",
            "code_sha256": "Z+R2dpiScMzbSYsESu3aooVXr0YABu12b9+vt/6+6hc=",
            "code_signing_config_arn": "",
            "dead_letter_config": [],
            "description": "",
            "environment": [
              {
                "variables": {
                  "JWT_SECRET": "postech70"
                }
              }
            ],
            "ephemeral_storage": [
              {
                "size": 512
              }
            ],
            "file_system_config": [],
            "filename": "../lambdas/authorizer_lambda.zip",
            "function_name": "authorizer-lambda",
            "handler": "authorizer_lambda.lambda_handler",
            "id": "authorizer-lambda",
            "image_config": [],
            "image_uri": "",
            "invoke_arn": "arn:aws:apigateway:us-east-1:lambda:path/2015-03-31/functions/arn:aws:lambda:us-east-1:496778154277:function:authorizer-lambda/invocations",
            "kms_key_arn": "",
            "last_modified": "2024-09-21T22:00:27.261+0000",
            "layers": [],
            "logging_config": [
              {
                "application_log_level": "",
                "log_format": "Text",
                "log_group": "/aws/lambda/authorizer-lambda",
                "system_log_level": ""
              }
            ],
            "memory_size": 128,
            "package_type": "Zip",
            "publish": false,
            "qualified_arn": "arn:aws:lambda:us-east-1:496778154277:function:authorizer-lambda:$LATEST",
            "qualified_invoke_arn": "arn:aws:apigateway:us-east-1:lambda:path/2015-03-31/functions/arn:aws:lambda:us-east-1:496778154277:function:authorizer-lambda:$LATEST/invocations",
            "replace_security_groups_on_destroy": null,
            "replacement_security_group_ids": null,
            "reserved_concurrent_executions": -1,
            "role": "arn:aws:iam::496778154277:role/LabRole",
            "runtime": "python3.8",
            "s3_bucket": null,
            "s3_key": null,
            "s3_object_version": null,
            "signing_job_arn": "",
            "signing_profile_version_arn": "",
            "skip_destroy": false,
            "snap_start": [],
            "source_code_hash": "Z+R2dpiScMzbSYsESu3aooVXr0YABu12b9+vt/6+6hc=",
            "source_code_size": 66338,
            "tags": {},
            "tags_all": {},
            "timeout": 5,
            "timeouts": null,
            "tracing_config": [
              {
                "mode": "PassThrough"
              }
            ],
            "version": "$LATEST",
            "vpc_config": []
          },
          "sensitive_attributes": [],
          "private": "eyJlMmJmYjczMC1lY2FhLTExZTYtOGY4OC0zNDM2M2JjN2M0YzAiOnsiY3JlYXRlIjo2MDAwMDAwMDAwMDAsImRlbGV0ZSI6NjAwMDAwMDAwMDAwLCJ1cGRhdGUiOjYwMDAwMDAwMDAwMH19",
          "dependencies": [
            "data.archive_file.authorizer_lambda_zip",
            "data.aws_iam_role.lambda_role"
          ]
        }
      ]
    },
    {
      "mode": "managed",
      "type": "aws_lambda_permission",
      "name": "allow_api_gateway_invoke_auth",
      "provider": "provider[\"registry.terraform.io/hashicorp/aws\"]",
      "instances": [
        {
          "schema_version": 0,
          "attributes": {
            "action": "lambda:InvokeFunction",
            "event_source_token": null,
            "function_name": "auth-service-lambda",
            "function_url_auth_type": null,
            "id": "AllowAPIGatewayInvokeAuth",
            "principal": "apigateway.amazonaws.com",
            "principal_org_id": null,
            "qualifier": "",
            "source_account": null,
            "source_arn": "arn:aws:execute-api:us-east-1:496778154277:vgrhy2mmig/*/*",
            "statement_id": "AllowAPIGatewayInvokeAuth",
            "statement_id_prefix": ""
          },
          "sensitive_attributes": [],
          "private": "bnVsbA==",
          "dependencies": [
            "aws_api_gateway_rest_api.api_gateway",
            "aws_lambda_function.auth_service_lambda",
            "data.archive_file.auth_service_lambda_zip",
            "data.aws_iam_role.lambda_role"
          ]
        }
      ]
    }
  ],
  "check_results": null
}
