{
  "version": 4,
  "terraform_version": "1.9.6",
  "serial": 229,
  "lineage": "6f5c7633-6c0e-69d5-b4b9-d70a1892a627",
  "outputs": {
    "api_endpoint": {
      "value": "https://p27bktnok0.execute-api.us-east-1.amazonaws.com/dev",
      "type": "string"
    },
    "auth_service_lambda_arn": {
      "value": "arn:aws:lambda:us-east-1:496778154277:function:auth-service-lambda",
      "type": "string"
    },
    "authorizer_lambda_arn": {
      "value": "arn:aws:lambda:us-east-1:496778154277:function:authorizer-lambda",
      "type": "string"
    },
    "ecs_lb_dns": {
      "value": "ecs-load-balancer-1954391634.us-east-1.elb.amazonaws.com",
      "type": "string"
    },
    "service_usuario_ecr_url": {
      "value": "496778154277.dkr.ecr.us-east-1.amazonaws.com/service-usuario",
      "type": "string"
    },
    "subnet_ids": {
      "value": [
        "subnet-0317d26bdda2b7f59",
        "subnet-09b4a651cd9f5baa7"
      ],
      "type": [
        "tuple",
        [
          "string",
          "string"
        ]
      ]
    },
    "vpc_id": {
      "value": "vpc-0b1f1f1b5fec04ae4",
      "type": "string"
    }
  },
  "resources": [
    {
      "mode": "data",
      "type": "aws_iam_role",
      "name": "lambda_role",
      "provider": "provider[\"registry.terraform.io/hashicorp/aws\"]",
      "instances": [
        {
          "schema_version": 0,
          "attributes": {
            "arn": "arn:aws:iam::496778154277:role/LabRole",
            "assume_role_policy": "{\"Version\":\"2012-10-17\",\"Statement\":[{\"Effect\":\"Allow\",\"Principal\":{\"Service\":[\"databrew.amazonaws.com\",\"events.amazonaws.com\",\"application-autoscaling.amazonaws.com\",\"dynamodb.amazonaws.com\",\"rds.amazonaws.com\",\"kinesis.amazonaws.com\",\"elasticloadbalancing.amazonaws.com\",\"pipes.amazonaws.com\",\"sns.amazonaws.com\",\"iotanalytics.amazonaws.com\",\"servicecatalog.amazonaws.com\",\"backup.amazonaws.com\",\"ecs-tasks.amazonaws.com\",\"s3.amazonaws.com\",\"credentials.iot.amazonaws.com\",\"apigateway.amazonaws.com\",\"ec2.amazonaws.com\",\"eks.amazonaws.com\",\"ec2.application-autoscaling.amazonaws.com\",\"iot.amazonaws.com\",\"forecast.amazonaws.com\",\"elasticfilesystem.amazonaws.com\",\"rekognition.amazonaws.com\",\"lambda.amazonaws.com\",\"sqs.amazonaws.com\",\"redshift.amazonaws.com\",\"ecs.amazonaws.com\",\"athena.amazonaws.com\",\"ssm.amazonaws.com\",\"codewhisperer.amazonaws.com\",\"codedeploy.amazonaws.com\",\"elasticbeanstalk.amazonaws.com\",\"cloudformation.amazonaws.com\",\"kms.amazonaws.com\",\"resource-groups.amazonaws.com\",\"sagemaker.amazonaws.com\",\"autoscaling.amazonaws.com\",\"scheduler.amazonaws.com\",\"secretsmanager.amazonaws.com\",\"cloud9.amazonaws.com\",\"batch.amazonaws.com\",\"eks-fargate-pods.amazonaws.com\",\"cloudtrail.amazonaws.com\",\"glue.amazonaws.com\",\"states.amazonaws.com\",\"cognito-idp.amazonaws.com\",\"deepracer.amazonaws.com\",\"kinesisanalytics.amazonaws.com\",\"elasticmapreduce.amazonaws.com\",\"logs.amazonaws.com\",\"firehose.amazonaws.com\",\"codecommit.amazonaws.com\",\"iotevents.amazonaws.com\"],\"AWS\":\"arn:aws:iam::496778154277:role/LabRole\"},\"Action\":\"sts:AssumeRole\"}]}",
            "create_date": "2024-09-21T18:16:53Z",
            "description": "",
            "id": "LabRole",
            "max_session_duration": 3600,
            "name": "LabRole",
            "path": "/",
            "permissions_boundary": "",
            "role_last_used": [
              {
                "last_used_date": "2024-09-22T22:04:04Z",
                "region": "us-east-1"
              }
            ],
            "tags": {
              "cloudlab": "c134542a3412719l7671740t1w496778154277"
            },
            "unique_id": "AROAXHKSJCES3I332WH47"
          },
          "sensitive_attributes": []
        }
      ]
    },
    {
      "mode": "managed",
      "type": "aws_api_gateway_authorizer",
      "name": "api_authorizer",
      "provider": "provider[\"registry.terraform.io/hashicorp/aws\"]",
      "instances": [
        {
          "schema_version": 0,
          "attributes": {
            "arn": "arn:aws:apigateway:us-east-1::/restapis/p27bktnok0/authorizers/odh2eu",
            "authorizer_credentials": "arn:aws:iam::496778154277:role/LabRole",
            "authorizer_result_ttl_in_seconds": 300,
            "authorizer_uri": "arn:aws:apigateway:us-east-1:lambda:path/2015-03-31/functions/arn:aws:lambda:us-east-1:496778154277:function:authorizer-lambda/invocations",
            "id": "odh2eu",
            "identity_source": "method.request.header.Authorization",
            "identity_validation_expression": "",
            "name": "JWTAuthorizer",
            "provider_arns": [],
            "rest_api_id": "p27bktnok0",
            "type": "TOKEN"
          },
          "sensitive_attributes": [],
          "private": "bnVsbA==",
          "dependencies": [
            "aws_api_gateway_rest_api.api_gateway",
            "aws_lambda_function.authorizer_lambda",
            "data.aws_iam_role.lambda_role"
          ]
        }
      ]
    },
    {
      "mode": "managed",
      "type": "aws_api_gateway_deployment",
      "name": "api_deployment",
      "provider": "provider[\"registry.terraform.io/hashicorp/aws\"]",
      "instances": [
        {
          "schema_version": 0,
          "attributes": {
            "canary_settings": [],
            "created_date": "2024-09-22T23:28:39Z",
            "description": "",
            "execution_arn": "arn:aws:execute-api:us-east-1:496778154277:p27bktnok0/dev",
            "id": "4p0mr9",
            "invoke_url": "https://p27bktnok0.execute-api.us-east-1.amazonaws.com/dev",
            "rest_api_id": "p27bktnok0",
            "stage_description": null,
            "stage_name": "dev",
            "triggers": null,
            "variables": null
          },
          "sensitive_attributes": [],
          "private": "bnVsbA==",
          "dependencies": [
            "aws_api_gateway_authorizer.api_authorizer",
            "aws_api_gateway_integration.get_usuario_crm_integration",
            "aws_api_gateway_integration.get_usuario_documento_integration",
            "aws_api_gateway_integration.get_usuario_integration",
            "aws_api_gateway_integration.login_post_integration",
            "aws_api_gateway_integration.post_usuario_integration",
            "aws_api_gateway_integration.protected_get_integration",
            "aws_api_gateway_integration.put_usuario_integration",
            "aws_api_gateway_method.get_usuario",
            "aws_api_gateway_method.get_usuario_crm",
            "aws_api_gateway_method.get_usuario_documento",
            "aws_api_gateway_method.login_post",
            "aws_api_gateway_method.post_usuario",
            "aws_api_gateway_method.protected_get",
            "aws_api_gateway_method.put_usuario",
            "aws_api_gateway_resource.auth",
            "aws_api_gateway_resource.cadastrar",
            "aws_api_gateway_resource.login",
            "aws_api_gateway_resource.protected_resource",
            "aws_api_gateway_resource.usuario",
            "aws_api_gateway_resource.usuario_crm",
            "aws_api_gateway_resource.usuario_documento",
            "aws_api_gateway_rest_api.api_gateway",
            "aws_lambda_function.auth_service_lambda",
            "aws_lambda_function.authorizer_lambda",
            "aws_lb.ecs_load_balancer",
            "aws_security_group.ecs_security_group",
            "aws_subnet.ecs_subnet_1",
            "aws_subnet.ecs_subnet_2",
            "aws_vpc.ecs_vpc",
            "data.aws_iam_role.lambda_role"
          ]
        }
      ]
    },
    {
      "mode": "managed",
      "type": "aws_api_gateway_integration",
      "name": "get_usuario_crm_integration",
      "provider": "provider[\"registry.terraform.io/hashicorp/aws\"]",
      "instances": [
        {
          "schema_version": 0,
          "attributes": {
            "cache_key_parameters": [],
            "cache_namespace": "fubi2b",
            "connection_id": "",
            "connection_type": "INTERNET",
            "content_handling": "",
            "credentials": "",
            "http_method": "GET",
            "id": "agi-p27bktnok0-fubi2b-GET",
            "integration_http_method": "GET",
            "passthrough_behavior": "WHEN_NO_MATCH",
            "request_parameters": {},
            "request_templates": {},
            "resource_id": "fubi2b",
            "rest_api_id": "p27bktnok0",
            "timeout_milliseconds": 29000,
            "tls_config": [],
            "type": "HTTP",
            "uri": "http://ecs-load-balancer-1954391634.us-east-1.elb.amazonaws.com/cadastrar/usuario/crm/{crm}"
          },
          "sensitive_attributes": [],
          "private": "bnVsbA==",
          "dependencies": [
            "aws_api_gateway_authorizer.api_authorizer",
            "aws_api_gateway_method.get_usuario_crm",
            "aws_api_gateway_resource.cadastrar",
            "aws_api_gateway_resource.usuario",
            "aws_api_gateway_resource.usuario_crm",
            "aws_api_gateway_rest_api.api_gateway",
            "aws_lambda_function.authorizer_lambda",
            "aws_lb.ecs_load_balancer",
            "aws_security_group.ecs_security_group",
            "aws_subnet.ecs_subnet_1",
            "aws_subnet.ecs_subnet_2",
            "aws_vpc.ecs_vpc",
            "data.aws_iam_role.lambda_role"
          ]
        }
      ]
    },
    {
      "mode": "managed",
      "type": "aws_api_gateway_integration",
      "name": "get_usuario_documento_integration",
      "provider": "provider[\"registry.terraform.io/hashicorp/aws\"]",
      "instances": [
        {
          "schema_version": 0,
          "attributes": {
            "cache_key_parameters": [],
            "cache_namespace": "6kvff1",
            "connection_id": "",
            "connection_type": "INTERNET",
            "content_handling": "",
            "credentials": "",
            "http_method": "GET",
            "id": "agi-p27bktnok0-6kvff1-GET",
            "integration_http_method": "GET",
            "passthrough_behavior": "WHEN_NO_MATCH",
            "request_parameters": {},
            "request_templates": {},
            "resource_id": "6kvff1",
            "rest_api_id": "p27bktnok0",
            "timeout_milliseconds": 29000,
            "tls_config": [],
            "type": "HTTP",
            "uri": "http://ecs-load-balancer-1954391634.us-east-1.elb.amazonaws.com/cadastrar/usuario/documento/{documento}"
          },
          "sensitive_attributes": [],
          "private": "bnVsbA==",
          "dependencies": [
            "aws_api_gateway_authorizer.api_authorizer",
            "aws_api_gateway_method.get_usuario_documento",
            "aws_api_gateway_resource.cadastrar",
            "aws_api_gateway_resource.usuario",
            "aws_api_gateway_resource.usuario_documento",
            "aws_api_gateway_rest_api.api_gateway",
            "aws_lambda_function.authorizer_lambda",
            "aws_lb.ecs_load_balancer",
            "aws_security_group.ecs_security_group",
            "aws_subnet.ecs_subnet_1",
            "aws_subnet.ecs_subnet_2",
            "aws_vpc.ecs_vpc",
            "data.aws_iam_role.lambda_role"
          ]
        }
      ]
    },
    {
      "mode": "managed",
      "type": "aws_api_gateway_integration",
      "name": "get_usuario_integration",
      "provider": "provider[\"registry.terraform.io/hashicorp/aws\"]",
      "instances": [
        {
          "schema_version": 0,
          "attributes": {
            "cache_key_parameters": [],
            "cache_namespace": "4cz7ha",
            "connection_id": "",
            "connection_type": "INTERNET",
            "content_handling": "",
            "credentials": "",
            "http_method": "GET",
            "id": "agi-p27bktnok0-4cz7ha-GET",
            "integration_http_method": "GET",
            "passthrough_behavior": "WHEN_NO_MATCH",
            "request_parameters": {},
            "request_templates": {},
            "resource_id": "4cz7ha",
            "rest_api_id": "p27bktnok0",
            "timeout_milliseconds": 29000,
            "tls_config": [],
            "type": "HTTP",
            "uri": "http://ecs-load-balancer-1954391634.us-east-1.elb.amazonaws.com/cadastrar/usuario"
          },
          "sensitive_attributes": [],
          "private": "bnVsbA==",
          "dependencies": [
            "aws_api_gateway_authorizer.api_authorizer",
            "aws_api_gateway_method.get_usuario",
            "aws_api_gateway_resource.cadastrar",
            "aws_api_gateway_resource.usuario",
            "aws_api_gateway_rest_api.api_gateway",
            "aws_lambda_function.authorizer_lambda",
            "aws_lb.ecs_load_balancer",
            "aws_security_group.ecs_security_group",
            "aws_subnet.ecs_subnet_1",
            "aws_subnet.ecs_subnet_2",
            "aws_vpc.ecs_vpc",
            "data.aws_iam_role.lambda_role"
          ]
        }
      ]
    },
    {
      "mode": "managed",
      "type": "aws_api_gateway_integration",
      "name": "login_post_integration",
      "provider": "provider[\"registry.terraform.io/hashicorp/aws\"]",
      "instances": [
        {
          "schema_version": 0,
          "attributes": {
            "cache_key_parameters": [],
            "cache_namespace": "tqzzlo",
            "connection_id": "",
            "connection_type": "INTERNET",
            "content_handling": "",
            "credentials": "",
            "http_method": "POST",
            "id": "agi-p27bktnok0-tqzzlo-POST",
            "integration_http_method": "POST",
            "passthrough_behavior": "WHEN_NO_MATCH",
            "request_parameters": {},
            "request_templates": {},
            "resource_id": "tqzzlo",
            "rest_api_id": "p27bktnok0",
            "timeout_milliseconds": 29000,
            "tls_config": [],
            "type": "AWS_PROXY",
            "uri": "arn:aws:apigateway:us-east-1:lambda:path/2015-03-31/functions/arn:aws:lambda:us-east-1:496778154277:function:auth-service-lambda/invocations"
          },
          "sensitive_attributes": [],
          "private": "bnVsbA==",
          "dependencies": [
            "aws_api_gateway_method.login_post",
            "aws_api_gateway_resource.auth",
            "aws_api_gateway_resource.login",
            "aws_api_gateway_rest_api.api_gateway",
            "aws_lambda_function.auth_service_lambda",
            "data.aws_iam_role.lambda_role"
          ]
        }
      ]
    },
    {
      "mode": "managed",
      "type": "aws_api_gateway_integration",
      "name": "post_usuario_integration",
      "provider": "provider[\"registry.terraform.io/hashicorp/aws\"]",
      "instances": [
        {
          "schema_version": 0,
          "attributes": {
            "cache_key_parameters": [],
            "cache_namespace": "4cz7ha",
            "connection_id": "",
            "connection_type": "INTERNET",
            "content_handling": "",
            "credentials": "",
            "http_method": "POST",
            "id": "agi-p27bktnok0-4cz7ha-POST",
            "integration_http_method": "POST",
            "passthrough_behavior": "WHEN_NO_MATCH",
            "request_parameters": {},
            "request_templates": {},
            "resource_id": "4cz7ha",
            "rest_api_id": "p27bktnok0",
            "timeout_milliseconds": 29000,
            "tls_config": [],
            "type": "HTTP",
            "uri": "http://ecs-load-balancer-1954391634.us-east-1.elb.amazonaws.com/cadastrar/usuario"
          },
          "sensitive_attributes": [],
          "private": "bnVsbA==",
          "dependencies": [
            "aws_api_gateway_authorizer.api_authorizer",
            "aws_api_gateway_method.post_usuario",
            "aws_api_gateway_resource.cadastrar",
            "aws_api_gateway_resource.usuario",
            "aws_api_gateway_rest_api.api_gateway",
            "aws_lambda_function.authorizer_lambda",
            "aws_lb.ecs_load_balancer",
            "aws_security_group.ecs_security_group",
            "aws_subnet.ecs_subnet_1",
            "aws_subnet.ecs_subnet_2",
            "aws_vpc.ecs_vpc",
            "data.aws_iam_role.lambda_role"
          ]
        }
      ]
    },
    {
      "mode": "managed",
      "type": "aws_api_gateway_integration",
      "name": "protected_get_integration",
      "provider": "provider[\"registry.terraform.io/hashicorp/aws\"]",
      "instances": [
        {
          "schema_version": 0,
          "attributes": {
            "cache_key_parameters": null,
            "cache_namespace": "r3eipe",
            "connection_id": "",
            "connection_type": "INTERNET",
            "content_handling": "",
            "credentials": "",
            "http_method": "GET",
            "id": "agi-p27bktnok0-r3eipe-GET",
            "integration_http_method": "",
            "passthrough_behavior": "WHEN_NO_MATCH",
            "request_parameters": null,
            "request_templates": null,
            "resource_id": "r3eipe",
            "rest_api_id": "p27bktnok0",
            "timeout_milliseconds": 29000,
            "tls_config": [],
            "type": "MOCK",
            "uri": ""
          },
          "sensitive_attributes": [],
          "private": "bnVsbA==",
          "dependencies": [
            "aws_api_gateway_authorizer.api_authorizer",
            "aws_api_gateway_method.protected_get",
            "aws_api_gateway_resource.protected_resource",
            "aws_api_gateway_rest_api.api_gateway",
            "aws_lambda_function.authorizer_lambda",
            "data.aws_iam_role.lambda_role"
          ]
        }
      ]
    },
    {
      "mode": "managed",
      "type": "aws_api_gateway_integration",
      "name": "put_usuario_integration",
      "provider": "provider[\"registry.terraform.io/hashicorp/aws\"]",
      "instances": [
        {
          "schema_version": 0,
          "attributes": {
            "cache_key_parameters": [],
            "cache_namespace": "4cz7ha",
            "connection_id": "",
            "connection_type": "INTERNET",
            "content_handling": "",
            "credentials": "",
            "http_method": "PUT",
            "id": "agi-p27bktnok0-4cz7ha-PUT",
            "integration_http_method": "PUT",
            "passthrough_behavior": "WHEN_NO_MATCH",
            "request_parameters": {},
            "request_templates": {},
            "resource_id": "4cz7ha",
            "rest_api_id": "p27bktnok0",
            "timeout_milliseconds": 29000,
            "tls_config": [],
            "type": "HTTP",
            "uri": "http://ecs-load-balancer-1954391634.us-east-1.elb.amazonaws.com/cadastrar/usuario/{id}"
          },
          "sensitive_attributes": [],
          "private": "bnVsbA==",
          "dependencies": [
            "aws_api_gateway_authorizer.api_authorizer",
            "aws_api_gateway_method.put_usuario",
            "aws_api_gateway_resource.cadastrar",
            "aws_api_gateway_resource.usuario",
            "aws_api_gateway_rest_api.api_gateway",
            "aws_lambda_function.authorizer_lambda",
            "aws_lb.ecs_load_balancer",
            "aws_security_group.ecs_security_group",
            "aws_subnet.ecs_subnet_1",
            "aws_subnet.ecs_subnet_2",
            "aws_vpc.ecs_vpc",
            "data.aws_iam_role.lambda_role"
          ]
        }
      ]
    },
    {
      "mode": "managed",
      "type": "aws_api_gateway_method",
      "name": "get_usuario",
      "provider": "provider[\"registry.terraform.io/hashicorp/aws\"]",
      "instances": [
        {
          "schema_version": 0,
          "attributes": {
            "api_key_required": false,
            "authorization": "CUSTOM",
            "authorization_scopes": [],
            "authorizer_id": "odh2eu",
            "http_method": "GET",
            "id": "agm-p27bktnok0-4cz7ha-GET",
            "operation_name": "",
            "request_models": {},
            "request_parameters": {},
            "request_validator_id": "",
            "resource_id": "4cz7ha",
            "rest_api_id": "p27bktnok0"
          },
          "sensitive_attributes": [],
          "private": "bnVsbA==",
          "dependencies": [
            "aws_api_gateway_authorizer.api_authorizer",
            "aws_api_gateway_resource.cadastrar",
            "aws_api_gateway_resource.usuario",
            "aws_api_gateway_rest_api.api_gateway",
            "aws_lambda_function.authorizer_lambda",
            "data.aws_iam_role.lambda_role"
          ]
        }
      ]
    },
    {
      "mode": "managed",
      "type": "aws_api_gateway_method",
      "name": "get_usuario_crm",
      "provider": "provider[\"registry.terraform.io/hashicorp/aws\"]",
      "instances": [
        {
          "schema_version": 0,
          "attributes": {
            "api_key_required": false,
            "authorization": "CUSTOM",
            "authorization_scopes": [],
            "authorizer_id": "odh2eu",
            "http_method": "GET",
            "id": "agm-p27bktnok0-fubi2b-GET",
            "operation_name": "",
            "request_models": {},
            "request_parameters": {},
            "request_validator_id": "",
            "resource_id": "fubi2b",
            "rest_api_id": "p27bktnok0"
          },
          "sensitive_attributes": [],
          "private": "bnVsbA==",
          "dependencies": [
            "aws_api_gateway_authorizer.api_authorizer",
            "aws_api_gateway_resource.cadastrar",
            "aws_api_gateway_resource.usuario",
            "aws_api_gateway_resource.usuario_crm",
            "aws_api_gateway_rest_api.api_gateway",
            "aws_lambda_function.authorizer_lambda",
            "data.aws_iam_role.lambda_role"
          ]
        }
      ]
    },
    {
      "mode": "managed",
      "type": "aws_api_gateway_method",
      "name": "get_usuario_documento",
      "provider": "provider[\"registry.terraform.io/hashicorp/aws\"]",
      "instances": [
        {
          "schema_version": 0,
          "attributes": {
            "api_key_required": false,
            "authorization": "CUSTOM",
            "authorization_scopes": [],
            "authorizer_id": "odh2eu",
            "http_method": "GET",
            "id": "agm-p27bktnok0-6kvff1-GET",
            "operation_name": "",
            "request_models": {},
            "request_parameters": {},
            "request_validator_id": "",
            "resource_id": "6kvff1",
            "rest_api_id": "p27bktnok0"
          },
          "sensitive_attributes": [],
          "private": "bnVsbA==",
          "dependencies": [
            "aws_api_gateway_authorizer.api_authorizer",
            "aws_api_gateway_resource.cadastrar",
            "aws_api_gateway_resource.usuario",
            "aws_api_gateway_resource.usuario_documento",
            "aws_api_gateway_rest_api.api_gateway",
            "aws_lambda_function.authorizer_lambda",
            "data.aws_iam_role.lambda_role"
          ]
        }
      ]
    },
    {
      "mode": "managed",
      "type": "aws_api_gateway_method",
      "name": "login_post",
      "provider": "provider[\"registry.terraform.io/hashicorp/aws\"]",
      "instances": [
        {
          "schema_version": 0,
          "attributes": {
            "api_key_required": false,
            "authorization": "NONE",
            "authorization_scopes": [],
            "authorizer_id": "",
            "http_method": "POST",
            "id": "agm-p27bktnok0-tqzzlo-POST",
            "operation_name": "",
            "request_models": {},
            "request_parameters": {},
            "request_validator_id": "",
            "resource_id": "tqzzlo",
            "rest_api_id": "p27bktnok0"
          },
          "sensitive_attributes": [],
          "private": "bnVsbA==",
          "dependencies": [
            "aws_api_gateway_resource.auth",
            "aws_api_gateway_resource.login",
            "aws_api_gateway_rest_api.api_gateway"
          ]
        }
      ]
    },
    {
      "mode": "managed",
      "type": "aws_api_gateway_method",
      "name": "post_usuario",
      "provider": "provider[\"registry.terraform.io/hashicorp/aws\"]",
      "instances": [
        {
          "schema_version": 0,
          "attributes": {
            "api_key_required": false,
            "authorization": "CUSTOM",
            "authorization_scopes": [],
            "authorizer_id": "odh2eu",
            "http_method": "POST",
            "id": "agm-p27bktnok0-4cz7ha-POST",
            "operation_name": "",
            "request_models": {},
            "request_parameters": {},
            "request_validator_id": "",
            "resource_id": "4cz7ha",
            "rest_api_id": "p27bktnok0"
          },
          "sensitive_attributes": [],
          "private": "bnVsbA==",
          "dependencies": [
            "aws_api_gateway_authorizer.api_authorizer",
            "aws_api_gateway_resource.cadastrar",
            "aws_api_gateway_resource.usuario",
            "aws_api_gateway_rest_api.api_gateway",
            "aws_lambda_function.authorizer_lambda",
            "data.aws_iam_role.lambda_role"
          ]
        }
      ]
    },
    {
      "mode": "managed",
      "type": "aws_api_gateway_method",
      "name": "protected_get",
      "provider": "provider[\"registry.terraform.io/hashicorp/aws\"]",
      "instances": [
        {
          "schema_version": 0,
          "attributes": {
            "api_key_required": false,
            "authorization": "CUSTOM",
            "authorization_scopes": [],
            "authorizer_id": "odh2eu",
            "http_method": "GET",
            "id": "agm-p27bktnok0-r3eipe-GET",
            "operation_name": "",
            "request_models": {},
            "request_parameters": {},
            "request_validator_id": "",
            "resource_id": "r3eipe",
            "rest_api_id": "p27bktnok0"
          },
          "sensitive_attributes": [],
          "private": "bnVsbA==",
          "dependencies": [
            "aws_api_gateway_authorizer.api_authorizer",
            "aws_api_gateway_resource.protected_resource",
            "aws_api_gateway_rest_api.api_gateway",
            "aws_lambda_function.authorizer_lambda",
            "data.aws_iam_role.lambda_role"
          ]
        }
      ]
    },
    {
      "mode": "managed",
      "type": "aws_api_gateway_method",
      "name": "put_usuario",
      "provider": "provider[\"registry.terraform.io/hashicorp/aws\"]",
      "instances": [
        {
          "schema_version": 0,
          "attributes": {
            "api_key_required": false,
            "authorization": "CUSTOM",
            "authorization_scopes": [],
            "authorizer_id": "odh2eu",
            "http_method": "PUT",
            "id": "agm-p27bktnok0-4cz7ha-PUT",
            "operation_name": "",
            "request_models": {},
            "request_parameters": {},
            "request_validator_id": "",
            "resource_id": "4cz7ha",
            "rest_api_id": "p27bktnok0"
          },
          "sensitive_attributes": [],
          "private": "bnVsbA==",
          "dependencies": [
            "aws_api_gateway_authorizer.api_authorizer",
            "aws_api_gateway_resource.cadastrar",
            "aws_api_gateway_resource.usuario",
            "aws_api_gateway_rest_api.api_gateway",
            "aws_lambda_function.authorizer_lambda",
            "data.aws_iam_role.lambda_role"
          ]
        }
      ]
    },
    {
      "mode": "managed",
      "type": "aws_api_gateway_resource",
      "name": "auth",
      "provider": "provider[\"registry.terraform.io/hashicorp/aws\"]",
      "instances": [
        {
          "schema_version": 0,
          "attributes": {
            "id": "37h9lh",
            "parent_id": "al7ywqxx89",
            "path": "/auth",
            "path_part": "auth",
            "rest_api_id": "p27bktnok0"
          },
          "sensitive_attributes": [],
          "private": "bnVsbA==",
          "dependencies": [
            "aws_api_gateway_rest_api.api_gateway"
          ]
        }
      ]
    },
    {
      "mode": "managed",
      "type": "aws_api_gateway_resource",
      "name": "cadastrar",
      "provider": "provider[\"registry.terraform.io/hashicorp/aws\"]",
      "instances": [
        {
          "schema_version": 0,
          "attributes": {
            "id": "3mf2lo",
            "parent_id": "al7ywqxx89",
            "path": "/cadastrar",
            "path_part": "cadastrar",
            "rest_api_id": "p27bktnok0"
          },
          "sensitive_attributes": [],
          "private": "bnVsbA==",
          "dependencies": [
            "aws_api_gateway_rest_api.api_gateway"
          ]
        }
      ]
    },
    {
      "mode": "managed",
      "type": "aws_api_gateway_resource",
      "name": "login",
      "provider": "provider[\"registry.terraform.io/hashicorp/aws\"]",
      "instances": [
        {
          "schema_version": 0,
          "attributes": {
            "id": "tqzzlo",
            "parent_id": "37h9lh",
            "path": "/auth/login",
            "path_part": "login",
            "rest_api_id": "p27bktnok0"
          },
          "sensitive_attributes": [],
          "private": "bnVsbA==",
          "dependencies": [
            "aws_api_gateway_resource.auth",
            "aws_api_gateway_rest_api.api_gateway"
          ]
        }
      ]
    },
    {
      "mode": "managed",
      "type": "aws_api_gateway_resource",
      "name": "protected_resource",
      "provider": "provider[\"registry.terraform.io/hashicorp/aws\"]",
      "instances": [
        {
          "schema_version": 0,
          "attributes": {
            "id": "r3eipe",
            "parent_id": "al7ywqxx89",
            "path": "/protected",
            "path_part": "protected",
            "rest_api_id": "p27bktnok0"
          },
          "sensitive_attributes": [],
          "private": "bnVsbA==",
          "dependencies": [
            "aws_api_gateway_rest_api.api_gateway"
          ]
        }
      ]
    },
    {
      "mode": "managed",
      "type": "aws_api_gateway_resource",
      "name": "usuario",
      "provider": "provider[\"registry.terraform.io/hashicorp/aws\"]",
      "instances": [
        {
          "schema_version": 0,
          "attributes": {
            "id": "4cz7ha",
            "parent_id": "3mf2lo",
            "path": "/cadastrar/usuario",
            "path_part": "usuario",
            "rest_api_id": "p27bktnok0"
          },
          "sensitive_attributes": [],
          "private": "bnVsbA==",
          "dependencies": [
            "aws_api_gateway_resource.cadastrar",
            "aws_api_gateway_rest_api.api_gateway"
          ]
        }
      ]
    },
    {
      "mode": "managed",
      "type": "aws_api_gateway_resource",
      "name": "usuario_crm",
      "provider": "provider[\"registry.terraform.io/hashicorp/aws\"]",
      "instances": [
        {
          "schema_version": 0,
          "attributes": {
            "id": "fubi2b",
            "parent_id": "4cz7ha",
            "path": "/cadastrar/usuario/crm",
            "path_part": "crm",
            "rest_api_id": "p27bktnok0"
          },
          "sensitive_attributes": [],
          "private": "bnVsbA==",
          "dependencies": [
            "aws_api_gateway_resource.cadastrar",
            "aws_api_gateway_resource.usuario",
            "aws_api_gateway_rest_api.api_gateway"
          ]
        }
      ]
    },
    {
      "mode": "managed",
      "type": "aws_api_gateway_resource",
      "name": "usuario_documento",
      "provider": "provider[\"registry.terraform.io/hashicorp/aws\"]",
      "instances": [
        {
          "schema_version": 0,
          "attributes": {
            "id": "6kvff1",
            "parent_id": "4cz7ha",
            "path": "/cadastrar/usuario/documento",
            "path_part": "documento",
            "rest_api_id": "p27bktnok0"
          },
          "sensitive_attributes": [],
          "private": "bnVsbA==",
          "dependencies": [
            "aws_api_gateway_resource.cadastrar",
            "aws_api_gateway_resource.usuario",
            "aws_api_gateway_rest_api.api_gateway"
          ]
        }
      ]
    },
    {
      "mode": "managed",
      "type": "aws_api_gateway_rest_api",
      "name": "api_gateway",
      "provider": "provider[\"registry.terraform.io/hashicorp/aws\"]",
      "instances": [
        {
          "schema_version": 0,
          "attributes": {
            "api_key_source": "HEADER",
            "arn": "arn:aws:apigateway:us-east-1::/restapis/p27bktnok0",
            "binary_media_types": [],
            "body": null,
            "created_date": "2024-09-22T23:28:21Z",
            "description": "",
            "disable_execute_api_endpoint": false,
            "endpoint_configuration": [
              {
                "types": [
                  "EDGE"
                ],
                "vpc_endpoint_ids": []
              }
            ],
            "execution_arn": "arn:aws:execute-api:us-east-1:496778154277:p27bktnok0",
            "fail_on_warnings": null,
            "id": "p27bktnok0",
            "minimum_compression_size": "",
            "name": "MyAPIGateway",
            "parameters": null,
            "policy": "",
            "put_rest_api_mode": null,
            "root_resource_id": "al7ywqxx89",
            "tags": {},
            "tags_all": {}
          },
          "sensitive_attributes": [],
          "private": "bnVsbA=="
        }
      ]
    },
    {
      "mode": "managed",
      "type": "aws_dynamodb_table",
      "name": "agendarConsulta",
      "provider": "provider[\"registry.terraform.io/hashicorp/aws\"]",
      "instances": [
        {
          "schema_version": 1,
          "attributes": {
            "arn": "arn:aws:dynamodb:us-east-1:496778154277:table/agendarConsulta",
            "attribute": [
              {
                "name": "id",
                "type": "S"
              }
            ],
            "billing_mode": "PAY_PER_REQUEST",
            "deletion_protection_enabled": false,
            "global_secondary_index": [],
            "hash_key": "id",
            "id": "agendarConsulta",
            "import_table": [],
            "local_secondary_index": [],
            "name": "agendarConsulta",
            "point_in_time_recovery": [
              {
                "enabled": false
              }
            ],
            "range_key": null,
            "read_capacity": 0,
            "replica": [],
            "restore_date_time": null,
            "restore_source_name": null,
            "restore_source_table_arn": null,
            "restore_to_latest_time": null,
            "server_side_encryption": [],
            "stream_arn": "",
            "stream_enabled": false,
            "stream_label": "",
            "stream_view_type": "",
            "table_class": "STANDARD",
            "tags": {
              "Environment": "Dev",
              "Name": "Agendar Consulta Table"
            },
            "tags_all": {
              "Environment": "Dev",
              "Name": "Agendar Consulta Table"
            },
            "timeouts": null,
            "ttl": [
              {
                "attribute_name": "",
                "enabled": false
              }
            ],
            "write_capacity": 0
          },
          "sensitive_attributes": [],
          "private": "eyJlMmJmYjczMC1lY2FhLTExZTYtOGY4OC0zNDM2M2JjN2M0YzAiOnsiY3JlYXRlIjoxODAwMDAwMDAwMDAwLCJkZWxldGUiOjYwMDAwMDAwMDAwMCwidXBkYXRlIjozNjAwMDAwMDAwMDAwfSwic2NoZW1hX3ZlcnNpb24iOiIxIn0="
        }
      ]
    },
    {
      "mode": "managed",
      "type": "aws_dynamodb_table",
      "name": "cliente",
      "provider": "provider[\"registry.terraform.io/hashicorp/aws\"]",
      "instances": [
        {
          "schema_version": 1,
          "attributes": {
            "arn": "arn:aws:dynamodb:us-east-1:496778154277:table/Cliente",
            "attribute": [
              {
                "name": "email",
                "type": "S"
              }
            ],
            "billing_mode": "PAY_PER_REQUEST",
            "deletion_protection_enabled": false,
            "global_secondary_index": [],
            "hash_key": "email",
            "id": "Cliente",
            "import_table": [],
            "local_secondary_index": [],
            "name": "Cliente",
            "point_in_time_recovery": [
              {
                "enabled": false
              }
            ],
            "range_key": null,
            "read_capacity": 0,
            "replica": [],
            "restore_date_time": null,
            "restore_source_name": null,
            "restore_source_table_arn": null,
            "restore_to_latest_time": null,
            "server_side_encryption": [],
            "stream_arn": "",
            "stream_enabled": false,
            "stream_label": "",
            "stream_view_type": "",
            "table_class": "STANDARD",
            "tags": {
              "Environment": "Dev",
              "Name": "Cliente Table"
            },
            "tags_all": {
              "Environment": "Dev",
              "Name": "Cliente Table"
            },
            "timeouts": null,
            "ttl": [
              {
                "attribute_name": "",
                "enabled": false
              }
            ],
            "write_capacity": 0
          },
          "sensitive_attributes": [],
          "private": "eyJlMmJmYjczMC1lY2FhLTExZTYtOGY4OC0zNDM2M2JjN2M0YzAiOnsiY3JlYXRlIjoxODAwMDAwMDAwMDAwLCJkZWxldGUiOjYwMDAwMDAwMDAwMCwidXBkYXRlIjozNjAwMDAwMDAwMDAwfSwic2NoZW1hX3ZlcnNpb24iOiIxIn0="
        }
      ]
    },
    {
      "mode": "managed",
      "type": "aws_dynamodb_table",
      "name": "horariosAtendimento",
      "provider": "provider[\"registry.terraform.io/hashicorp/aws\"]",
      "instances": [
        {
          "schema_version": 1,
          "attributes": {
            "arn": "arn:aws:dynamodb:us-east-1:496778154277:table/horariosAtendimento",
            "attribute": [
              {
                "name": "documentoMedico",
                "type": "S"
              },
              {
                "name": "horarioInicio",
                "type": "S"
              }
            ],
            "billing_mode": "PAY_PER_REQUEST",
            "deletion_protection_enabled": false,
            "global_secondary_index": [],
            "hash_key": "documentoMedico",
            "id": "horariosAtendimento",
            "import_table": [],
            "local_secondary_index": [],
            "name": "horariosAtendimento",
            "point_in_time_recovery": [
              {
                "enabled": false
              }
            ],
            "range_key": "horarioInicio",
            "read_capacity": 0,
            "replica": [],
            "restore_date_time": null,
            "restore_source_name": null,
            "restore_source_table_arn": null,
            "restore_to_latest_time": null,
            "server_side_encryption": [],
            "stream_arn": "",
            "stream_enabled": false,
            "stream_label": "",
            "stream_view_type": "",
            "table_class": "STANDARD",
            "tags": {
              "Environment": "Dev",
              "Name": "Horarios Atendimento Table"
            },
            "tags_all": {
              "Environment": "Dev",
              "Name": "Horarios Atendimento Table"
            },
            "timeouts": null,
            "ttl": [
              {
                "attribute_name": "",
                "enabled": false
              }
            ],
            "write_capacity": 0
          },
          "sensitive_attributes": [],
          "private": "eyJlMmJmYjczMC1lY2FhLTExZTYtOGY4OC0zNDM2M2JjN2M0YzAiOnsiY3JlYXRlIjoxODAwMDAwMDAwMDAwLCJkZWxldGUiOjYwMDAwMDAwMDAwMCwidXBkYXRlIjozNjAwMDAwMDAwMDAwfSwic2NoZW1hX3ZlcnNpb24iOiIxIn0="
        }
      ]
    },
    {
      "mode": "managed",
      "type": "aws_ecr_repository",
      "name": "service_usuario",
      "provider": "provider[\"registry.terraform.io/hashicorp/aws\"]",
      "instances": [
        {
          "schema_version": 0,
          "attributes": {
            "arn": "arn:aws:ecr:us-east-1:496778154277:repository/service-usuario",
            "encryption_configuration": [
              {
                "encryption_type": "AES256",
                "kms_key": ""
              }
            ],
            "force_delete": null,
            "id": "service-usuario",
            "image_scanning_configuration": [
              {
                "scan_on_push": true
              }
            ],
            "image_tag_mutability": "MUTABLE",
            "name": "service-usuario",
            "registry_id": "496778154277",
            "repository_url": "496778154277.dkr.ecr.us-east-1.amazonaws.com/service-usuario",
            "tags": {
              "Environment": "Dev",
              "Name": "Service Usuario ECR"
            },
            "tags_all": {
              "Environment": "Dev",
              "Name": "Service Usuario ECR"
            },
            "timeouts": null
          },
          "sensitive_attributes": [],
          "private": "eyJlMmJmYjczMC1lY2FhLTExZTYtOGY4OC0zNDM2M2JjN2M0YzAiOnsiZGVsZXRlIjoxMjAwMDAwMDAwMDAwfX0="
        }
      ]
    },
    {
      "mode": "managed",
      "type": "aws_ecs_cluster",
      "name": "service_usuario_cluster",
      "provider": "provider[\"registry.terraform.io/hashicorp/aws\"]",
      "instances": [
        {
          "schema_version": 0,
          "attributes": {
            "arn": "arn:aws:ecs:us-east-1:496778154277:cluster/service-usuario-cluster",
            "configuration": [],
            "id": "arn:aws:ecs:us-east-1:496778154277:cluster/service-usuario-cluster",
            "name": "service-usuario-cluster",
            "service_connect_defaults": [],
            "setting": [
              {
                "name": "containerInsights",
                "value": "disabled"
              }
            ],
            "tags": null,
            "tags_all": {}
          },
          "sensitive_attributes": [],
          "private": "bnVsbA=="
        }
      ]
    },
    {
      "mode": "managed",
      "type": "aws_ecs_service",
      "name": "service_usuario",
      "provider": "provider[\"registry.terraform.io/hashicorp/aws\"]",
      "instances": [
        {
          "schema_version": 1,
          "attributes": {
            "alarms": [],
            "capacity_provider_strategy": [],
            "cluster": "arn:aws:ecs:us-east-1:496778154277:cluster/service-usuario-cluster",
            "deployment_circuit_breaker": [
              {
                "enable": false,
                "rollback": false
              }
            ],
            "deployment_controller": [
              {
                "type": "ECS"
              }
            ],
            "deployment_maximum_percent": 200,
            "deployment_minimum_healthy_percent": 100,
            "desired_count": 1,
            "enable_ecs_managed_tags": false,
            "enable_execute_command": false,
            "force_delete": null,
            "force_new_deployment": null,
            "health_check_grace_period_seconds": 0,
            "iam_role": "/aws-service-role/ecs.amazonaws.com/AWSServiceRoleForECS",
            "id": "arn:aws:ecs:us-east-1:496778154277:service/service-usuario-cluster/service-usuario",
            "launch_type": "FARGATE",
            "load_balancer": [
              {
                "container_name": "service-usuario-container",
                "container_port": 8081,
                "elb_name": "",
                "target_group_arn": "arn:aws:elasticloadbalancing:us-east-1:496778154277:targetgroup/ecs-target-group/d54bc327c8bf14ea"
              }
            ],
            "name": "service-usuario",
            "network_configuration": [
              {
                "assign_public_ip": false,
                "security_groups": [
                  "sg-005c202b45b497861"
                ],
                "subnets": [
                  "subnet-0317d26bdda2b7f59",
                  "subnet-09b4a651cd9f5baa7"
                ]
              }
            ],
            "ordered_placement_strategy": [],
            "placement_constraints": [],
            "platform_version": "LATEST",
            "propagate_tags": "NONE",
            "scheduling_strategy": "REPLICA",
            "service_connect_configuration": [],
            "service_registries": [],
            "tags": {
              "Environment": "Dev",
              "Name": "Service Usuario ECS"
            },
            "tags_all": {
              "Environment": "Dev",
              "Name": "Service Usuario ECS"
            },
            "task_definition": "arn:aws:ecs:us-east-1:496778154277:task-definition/service-usuario-task:6",
            "timeouts": null,
            "triggers": {},
            "volume_configuration": [],
            "wait_for_steady_state": false
          },
          "sensitive_attributes": [],
          "private": "eyJlMmJmYjczMC1lY2FhLTExZTYtOGY4OC0zNDM2M2JjN2M0YzAiOnsiY3JlYXRlIjoxMjAwMDAwMDAwMDAwLCJkZWxldGUiOjEyMDAwMDAwMDAwMDAsInVwZGF0ZSI6MTIwMDAwMDAwMDAwMH0sInNjaGVtYV92ZXJzaW9uIjoiMSJ9",
          "dependencies": [
            "aws_ecs_cluster.service_usuario_cluster",
            "aws_ecs_task_definition.service_usuario_task",
            "aws_lb.ecs_load_balancer",
            "aws_lb_listener.ecs_lb_listener",
            "aws_lb_target_group.ecs_target_group",
            "aws_security_group.ecs_security_group",
            "aws_subnet.ecs_subnet_1",
            "aws_subnet.ecs_subnet_2",
            "aws_vpc.ecs_vpc",
            "data.aws_iam_role.lambda_role"
          ]
        }
      ]
    },
    {
      "mode": "managed",
      "type": "aws_ecs_task_definition",
      "name": "service_usuario_task",
      "provider": "provider[\"registry.terraform.io/hashicorp/aws\"]",
      "instances": [
        {
          "schema_version": 1,
          "attributes": {
            "arn": "arn:aws:ecs:us-east-1:496778154277:task-definition/service-usuario-task:6",
            "arn_without_revision": "arn:aws:ecs:us-east-1:496778154277:task-definition/service-usuario-task",
            "container_definitions": "[{\"cpu\":256,\"environment\":[{\"name\":\"JWT_SECRET\",\"value\":\"postech70\"}],\"essential\":true,\"image\":\"496778154277.dkr.ecr.us-east-1.amazonaws.com/service-usuario:latest\",\"memory\":512,\"mountPoints\":[],\"name\":\"service-usuario-container\",\"portMappings\":[{\"containerPort\":8081,\"hostPort\":8081,\"protocol\":\"tcp\"}],\"systemControls\":[],\"volumesFrom\":[]}]",
            "cpu": "512",
            "ephemeral_storage": [],
            "execution_role_arn": "arn:aws:iam::496778154277:role/LabRole",
            "family": "service-usuario-task",
            "id": "service-usuario-task",
            "inference_accelerator": [],
            "ipc_mode": "",
            "memory": "1024",
            "network_mode": "awsvpc",
            "pid_mode": "",
            "placement_constraints": [],
            "proxy_configuration": [],
            "requires_compatibilities": [
              "FARGATE"
            ],
            "revision": 6,
            "runtime_platform": [],
            "skip_destroy": false,
            "tags": {},
            "tags_all": {},
            "task_role_arn": "",
            "track_latest": false,
            "volume": []
          },
          "sensitive_attributes": [],
          "private": "eyJzY2hlbWFfdmVyc2lvbiI6IjEifQ==",
          "dependencies": [
            "data.aws_iam_role.lambda_role"
          ]
        }
      ]
    },
    {
      "mode": "managed",
      "type": "aws_internet_gateway",
      "name": "ecs_igw",
      "provider": "provider[\"registry.terraform.io/hashicorp/aws\"]",
      "instances": [
        {
          "schema_version": 0,
          "attributes": {
            "arn": "arn:aws:ec2:us-east-1:496778154277:internet-gateway/igw-0393f4c4012a2e8fd",
            "id": "igw-0393f4c4012a2e8fd",
            "owner_id": "496778154277",
            "tags": {
              "Environment": "Dev",
              "Name": "ecs-igw"
            },
            "tags_all": {
              "Environment": "Dev",
              "Name": "ecs-igw"
            },
            "timeouts": null,
            "vpc_id": "vpc-0b1f1f1b5fec04ae4"
          },
          "sensitive_attributes": [],
          "private": "eyJlMmJmYjczMC1lY2FhLTExZTYtOGY4OC0zNDM2M2JjN2M0YzAiOnsiY3JlYXRlIjoxMjAwMDAwMDAwMDAwLCJkZWxldGUiOjEyMDAwMDAwMDAwMDAsInVwZGF0ZSI6MTIwMDAwMDAwMDAwMH19",
          "dependencies": [
            "aws_vpc.ecs_vpc"
          ]
        }
      ]
    },
    {
      "mode": "managed",
      "type": "aws_lambda_function",
      "name": "auth_service_lambda",
      "provider": "provider[\"registry.terraform.io/hashicorp/aws\"]",
      "instances": [
        {
          "schema_version": 0,
          "attributes": {
            "architectures": [
              "x86_64"
            ],
            "arn": "arn:aws:lambda:us-east-1:496778154277:function:auth-service-lambda",
            "code_sha256": "UbjgDswB+yBmLYvuV8cdod1ecC0faw3ov5/FQ7P7bvc=",
            "code_signing_config_arn": "",
            "dead_letter_config": [],
            "description": "",
            "environment": [
              {
                "variables": {
                  "JWT_SECRET": "postech70"
                }
              }
            ],
            "ephemeral_storage": [
              {
                "size": 512
              }
            ],
            "file_system_config": [],
            "filename": "../lambdas/auth_service_lambda.zip",
            "function_name": "auth-service-lambda",
            "handler": "auth_service_lambda.lambda_handler",
            "id": "auth-service-lambda",
            "image_config": [],
            "image_uri": "",
            "invoke_arn": "arn:aws:apigateway:us-east-1:lambda:path/2015-03-31/functions/arn:aws:lambda:us-east-1:496778154277:function:auth-service-lambda/invocations",
            "kms_key_arn": "",
            "last_modified": "2024-09-22T23:28:32.121+0000",
            "layers": [],
            "logging_config": [
              {
                "application_log_level": "",
                "log_format": "Text",
                "log_group": "/aws/lambda/auth-service-lambda",
                "system_log_level": ""
              }
            ],
            "memory_size": 128,
            "package_type": "Zip",
            "publish": false,
            "qualified_arn": "arn:aws:lambda:us-east-1:496778154277:function:auth-service-lambda:$LATEST",
            "qualified_invoke_arn": "arn:aws:apigateway:us-east-1:lambda:path/2015-03-31/functions/arn:aws:lambda:us-east-1:496778154277:function:auth-service-lambda:$LATEST/invocations",
            "replace_security_groups_on_destroy": null,
            "replacement_security_group_ids": null,
            "reserved_concurrent_executions": -1,
            "role": "arn:aws:iam::496778154277:role/LabRole",
            "runtime": "python3.8",
            "s3_bucket": null,
            "s3_key": null,
            "s3_object_version": null,
            "signing_job_arn": "",
            "signing_profile_version_arn": "",
            "skip_destroy": false,
            "snap_start": [],
            "source_code_hash": "UbjgDswB+yBmLYvuV8cdod1ecC0faw3ov5/FQ7P7bvc=",
            "source_code_size": 9733330,
            "tags": {},
            "tags_all": {},
            "timeout": 30,
            "timeouts": null,
            "tracing_config": [
              {
                "mode": "PassThrough"
              }
            ],
            "version": "$LATEST",
            "vpc_config": []
          },
          "sensitive_attributes": [],
          "private": "eyJlMmJmYjczMC1lY2FhLTExZTYtOGY4OC0zNDM2M2JjN2M0YzAiOnsiY3JlYXRlIjo2MDAwMDAwMDAwMDAsImRlbGV0ZSI6NjAwMDAwMDAwMDAwLCJ1cGRhdGUiOjYwMDAwMDAwMDAwMH19",
          "dependencies": [
            "data.aws_iam_role.lambda_role"
          ]
        }
      ]
    },
    {
      "mode": "managed",
      "type": "aws_lambda_function",
      "name": "authorizer_lambda",
      "provider": "provider[\"registry.terraform.io/hashicorp/aws\"]",
      "instances": [
        {
          "schema_version": 0,
          "attributes": {
            "architectures": [
              "x86_64"
            ],
            "arn": "arn:aws:lambda:us-east-1:496778154277:function:authorizer-lambda",
            "code_sha256": "V0eZrqRaJ1wyM/AUsItWeLNpJ+9VO5IadgnUsnVu6TI=",
            "code_signing_config_arn": "",
            "dead_letter_config": [],
            "description": "",
            "environment": [
              {
                "variables": {
                  "JWT_SECRET": "postech70"
                }
              }
            ],
            "ephemeral_storage": [
              {
                "size": 512
              }
            ],
            "file_system_config": [],
            "filename": "../lambdas/authorizer_lambda.zip",
            "function_name": "authorizer-lambda",
            "handler": "authorizer_lambda.lambda_handler",
            "id": "authorizer-lambda",
            "image_config": [],
            "image_uri": "",
            "invoke_arn": "arn:aws:apigateway:us-east-1:lambda:path/2015-03-31/functions/arn:aws:lambda:us-east-1:496778154277:function:authorizer-lambda/invocations",
            "kms_key_arn": "",
            "last_modified": "2024-09-22T23:28:22.163+0000",
            "layers": [],
            "logging_config": [
              {
                "application_log_level": "",
                "log_format": "Text",
                "log_group": "/aws/lambda/authorizer-lambda",
                "system_log_level": ""
              }
            ],
            "memory_size": 128,
            "package_type": "Zip",
            "publish": false,
            "qualified_arn": "arn:aws:lambda:us-east-1:496778154277:function:authorizer-lambda:$LATEST",
            "qualified_invoke_arn": "arn:aws:apigateway:us-east-1:lambda:path/2015-03-31/functions/arn:aws:lambda:us-east-1:496778154277:function:authorizer-lambda:$LATEST/invocations",
            "replace_security_groups_on_destroy": null,
            "replacement_security_group_ids": null,
            "reserved_concurrent_executions": -1,
            "role": "arn:aws:iam::496778154277:role/LabRole",
            "runtime": "python3.8",
            "s3_bucket": null,
            "s3_key": null,
            "s3_object_version": null,
            "signing_job_arn": "",
            "signing_profile_version_arn": "",
            "skip_destroy": false,
            "snap_start": [],
            "source_code_hash": "V0eZrqRaJ1wyM/AUsItWeLNpJ+9VO5IadgnUsnVu6TI=",
            "source_code_size": 398061,
            "tags": {},
            "tags_all": {},
            "timeout": 5,
            "timeouts": null,
            "tracing_config": [
              {
                "mode": "PassThrough"
              }
            ],
            "version": "$LATEST",
            "vpc_config": []
          },
          "sensitive_attributes": [],
          "private": "eyJlMmJmYjczMC1lY2FhLTExZTYtOGY4OC0zNDM2M2JjN2M0YzAiOnsiY3JlYXRlIjo2MDAwMDAwMDAwMDAsImRlbGV0ZSI6NjAwMDAwMDAwMDAwLCJ1cGRhdGUiOjYwMDAwMDAwMDAwMH19",
          "dependencies": [
            "data.aws_iam_role.lambda_role"
          ]
        }
      ]
    },
    {
      "mode": "managed",
      "type": "aws_lambda_permission",
      "name": "allow_api_gateway_invoke_auth",
      "provider": "provider[\"registry.terraform.io/hashicorp/aws\"]",
      "instances": [
        {
          "schema_version": 0,
          "attributes": {
            "action": "lambda:InvokeFunction",
            "event_source_token": null,
            "function_name": "auth-service-lambda",
            "function_url_auth_type": null,
            "id": "AllowAPIGatewayInvokeAuth",
            "principal": "apigateway.amazonaws.com",
            "principal_org_id": null,
            "qualifier": "",
            "source_account": null,
            "source_arn": "arn:aws:execute-api:us-east-1:496778154277:p27bktnok0/*/*",
            "statement_id": "AllowAPIGatewayInvokeAuth",
            "statement_id_prefix": ""
          },
          "sensitive_attributes": [],
          "private": "bnVsbA==",
          "dependencies": [
            "aws_api_gateway_rest_api.api_gateway",
            "aws_lambda_function.auth_service_lambda",
            "data.aws_iam_role.lambda_role"
          ]
        }
      ]
    },
    {
      "mode": "managed",
      "type": "aws_lb",
      "name": "ecs_load_balancer",
      "provider": "provider[\"registry.terraform.io/hashicorp/aws\"]",
      "instances": [
        {
          "schema_version": 0,
          "attributes": {
            "access_logs": [
              {
                "bucket": "",
                "enabled": false,
                "prefix": ""
              }
            ],
            "arn": "arn:aws:elasticloadbalancing:us-east-1:496778154277:loadbalancer/app/ecs-load-balancer/968712fe97b621c0",
            "arn_suffix": "app/ecs-load-balancer/968712fe97b621c0",
            "client_keep_alive": 3600,
            "connection_logs": [
              {
                "bucket": "",
                "enabled": false,
                "prefix": ""
              }
            ],
            "customer_owned_ipv4_pool": "",
            "desync_mitigation_mode": "defensive",
            "dns_name": "ecs-load-balancer-1954391634.us-east-1.elb.amazonaws.com",
            "dns_record_client_routing_policy": null,
            "drop_invalid_header_fields": false,
            "enable_cross_zone_load_balancing": true,
            "enable_deletion_protection": false,
            "enable_http2": true,
            "enable_tls_version_and_cipher_suite_headers": false,
            "enable_waf_fail_open": false,
            "enable_xff_client_port": false,
            "enforce_security_group_inbound_rules_on_private_link_traffic": "",
            "id": "arn:aws:elasticloadbalancing:us-east-1:496778154277:loadbalancer/app/ecs-load-balancer/968712fe97b621c0",
            "idle_timeout": 60,
            "internal": false,
            "ip_address_type": "ipv4",
            "load_balancer_type": "application",
            "name": "ecs-load-balancer",
            "name_prefix": "",
            "preserve_host_header": false,
            "security_groups": [
              "sg-005c202b45b497861"
            ],
            "subnet_mapping": [
              {
                "allocation_id": "",
                "ipv6_address": "",
                "outpost_id": "",
                "private_ipv4_address": "",
                "subnet_id": "subnet-0317d26bdda2b7f59"
              },
              {
                "allocation_id": "",
                "ipv6_address": "",
                "outpost_id": "",
                "private_ipv4_address": "",
                "subnet_id": "subnet-09b4a651cd9f5baa7"
              }
            ],
            "subnets": [
              "subnet-0317d26bdda2b7f59",
              "subnet-09b4a651cd9f5baa7"
            ],
            "tags": {
              "Environment": "Dev",
              "Name": "ecs-load-balancer"
            },
            "tags_all": {
              "Environment": "Dev",
              "Name": "ecs-load-balancer"
            },
            "timeouts": null,
            "vpc_id": "vpc-0b1f1f1b5fec04ae4",
            "xff_header_processing_mode": "append",
            "zone_id": "Z35SXDOTRQ7X7K"
          },
          "sensitive_attributes": [],
          "private": "eyJlMmJmYjczMC1lY2FhLTExZTYtOGY4OC0zNDM2M2JjN2M0YzAiOnsiY3JlYXRlIjo2MDAwMDAwMDAwMDAsImRlbGV0ZSI6NjAwMDAwMDAwMDAwLCJ1cGRhdGUiOjYwMDAwMDAwMDAwMH19",
          "dependencies": [
            "aws_security_group.ecs_security_group",
            "aws_subnet.ecs_subnet_1",
            "aws_subnet.ecs_subnet_2",
            "aws_vpc.ecs_vpc"
          ]
        }
      ]
    },
    {
      "mode": "managed",
      "type": "aws_lb_listener",
      "name": "ecs_lb_listener",
      "provider": "provider[\"registry.terraform.io/hashicorp/aws\"]",
      "instances": [
        {
          "schema_version": 0,
          "attributes": {
            "alpn_policy": null,
            "arn": "arn:aws:elasticloadbalancing:us-east-1:496778154277:listener/app/ecs-load-balancer/968712fe97b621c0/407a28cd5b370f75",
            "certificate_arn": null,
            "default_action": [
              {
                "authenticate_cognito": [],
                "authenticate_oidc": [],
                "fixed_response": [],
                "forward": [],
                "order": 1,
                "redirect": [],
                "target_group_arn": "arn:aws:elasticloadbalancing:us-east-1:496778154277:targetgroup/ecs-target-group/d54bc327c8bf14ea",
                "type": "forward"
              }
            ],
            "id": "arn:aws:elasticloadbalancing:us-east-1:496778154277:listener/app/ecs-load-balancer/968712fe97b621c0/407a28cd5b370f75",
            "load_balancer_arn": "arn:aws:elasticloadbalancing:us-east-1:496778154277:loadbalancer/app/ecs-load-balancer/968712fe97b621c0",
            "mutual_authentication": [],
            "port": 8081,
            "protocol": "HTTP",
            "ssl_policy": "",
            "tags": null,
            "tags_all": {},
            "timeouts": null
          },
          "sensitive_attributes": [],
          "private": "eyJlMmJmYjczMC1lY2FhLTExZTYtOGY4OC0zNDM2M2JjN2M0YzAiOnsiY3JlYXRlIjozMDAwMDAwMDAwMDAsInVwZGF0ZSI6MzAwMDAwMDAwMDAwfX0=",
          "dependencies": [
            "aws_lb.ecs_load_balancer",
            "aws_lb_target_group.ecs_target_group",
            "aws_security_group.ecs_security_group",
            "aws_subnet.ecs_subnet_1",
            "aws_subnet.ecs_subnet_2",
            "aws_vpc.ecs_vpc"
          ]
        }
      ]
    },
    {
      "mode": "managed",
      "type": "aws_lb_target_group",
      "name": "ecs_target_group",
      "provider": "provider[\"registry.terraform.io/hashicorp/aws\"]",
      "instances": [
        {
          "schema_version": 0,
          "attributes": {
            "arn": "arn:aws:elasticloadbalancing:us-east-1:496778154277:targetgroup/ecs-target-group/d54bc327c8bf14ea",
            "arn_suffix": "targetgroup/ecs-target-group/d54bc327c8bf14ea",
            "connection_termination": null,
            "deregistration_delay": "300",
            "health_check": [
              {
                "enabled": true,
                "healthy_threshold": 2,
                "interval": 30,
                "matcher": "200",
                "path": "/health",
                "port": "traffic-port",
                "protocol": "HTTP",
                "timeout": 5,
                "unhealthy_threshold": 2
              }
            ],
            "id": "arn:aws:elasticloadbalancing:us-east-1:496778154277:targetgroup/ecs-target-group/d54bc327c8bf14ea",
            "ip_address_type": "ipv4",
            "lambda_multi_value_headers_enabled": false,
            "load_balancer_arns": [],
            "load_balancing_algorithm_type": "round_robin",
            "load_balancing_anomaly_mitigation": "off",
            "load_balancing_cross_zone_enabled": "use_load_balancer_configuration",
            "name": "ecs-target-group",
            "name_prefix": "",
            "port": 8081,
            "preserve_client_ip": null,
            "protocol": "HTTP",
            "protocol_version": "HTTP1",
            "proxy_protocol_v2": false,
            "slow_start": 0,
            "stickiness": [
              {
                "cookie_duration": 86400,
                "cookie_name": "",
                "enabled": false,
                "type": "lb_cookie"
              }
            ],
            "tags": {
              "Environment": "Dev",
              "Name": "ecs-target-group"
            },
            "tags_all": {
              "Environment": "Dev",
              "Name": "ecs-target-group"
            },
            "target_failover": [
              {
                "on_deregistration": null,
                "on_unhealthy": null
              }
            ],
            "target_group_health": [
              {
                "dns_failover": [
                  {
                    "minimum_healthy_targets_count": "1",
                    "minimum_healthy_targets_percentage": "off"
                  }
                ],
                "unhealthy_state_routing": [
                  {
                    "minimum_healthy_targets_count": 1,
                    "minimum_healthy_targets_percentage": "off"
                  }
                ]
              }
            ],
            "target_health_state": [
              {
                "enable_unhealthy_connection_termination": null,
                "unhealthy_draining_interval": null
              }
            ],
            "target_type": "ip",
            "vpc_id": "vpc-0b1f1f1b5fec04ae4"
          },
          "sensitive_attributes": [],
          "private": "bnVsbA==",
          "dependencies": [
            "aws_vpc.ecs_vpc"
          ]
        }
      ]
    },
    {
      "mode": "managed",
      "type": "aws_route_table",
      "name": "ecs_route_table",
      "provider": "provider[\"registry.terraform.io/hashicorp/aws\"]",
      "instances": [
        {
          "schema_version": 0,
          "attributes": {
            "arn": "arn:aws:ec2:us-east-1:496778154277:route-table/rtb-07a6f9b57507fa0b6",
            "id": "rtb-07a6f9b57507fa0b6",
            "owner_id": "496778154277",
            "propagating_vgws": [],
            "route": [
              {
                "carrier_gateway_id": "",
                "cidr_block": "0.0.0.0/0",
                "core_network_arn": "",
                "destination_prefix_list_id": "",
                "egress_only_gateway_id": "",
                "gateway_id": "igw-0393f4c4012a2e8fd",
                "ipv6_cidr_block": "",
                "local_gateway_id": "",
                "nat_gateway_id": "",
                "network_interface_id": "",
                "transit_gateway_id": "",
                "vpc_endpoint_id": "",
                "vpc_peering_connection_id": ""
              }
            ],
            "tags": {
              "Environment": "Dev",
              "Name": "ecs-route-table"
            },
            "tags_all": {
              "Environment": "Dev",
              "Name": "ecs-route-table"
            },
            "timeouts": null,
            "vpc_id": "vpc-0b1f1f1b5fec04ae4"
          },
          "sensitive_attributes": [],
          "private": "eyJlMmJmYjczMC1lY2FhLTExZTYtOGY4OC0zNDM2M2JjN2M0YzAiOnsiY3JlYXRlIjozMDAwMDAwMDAwMDAsImRlbGV0ZSI6MzAwMDAwMDAwMDAwLCJ1cGRhdGUiOjEyMDAwMDAwMDAwMH19",
          "dependencies": [
            "aws_internet_gateway.ecs_igw",
            "aws_vpc.ecs_vpc"
          ]
        }
      ]
    },
    {
      "mode": "managed",
      "type": "aws_route_table_association",
      "name": "ecs_rta_1",
      "provider": "provider[\"registry.terraform.io/hashicorp/aws\"]",
      "instances": [
        {
          "schema_version": 0,
          "attributes": {
            "gateway_id": "",
            "id": "rtbassoc-0e7a29309b5349ac5",
            "route_table_id": "rtb-07a6f9b57507fa0b6",
            "subnet_id": "subnet-0317d26bdda2b7f59",
            "timeouts": null
          },
          "sensitive_attributes": [],
          "private": "eyJlMmJmYjczMC1lY2FhLTExZTYtOGY4OC0zNDM2M2JjN2M0YzAiOnsiY3JlYXRlIjozMDAwMDAwMDAwMDAsImRlbGV0ZSI6MzAwMDAwMDAwMDAwLCJ1cGRhdGUiOjEyMDAwMDAwMDAwMH19",
          "dependencies": [
            "aws_internet_gateway.ecs_igw",
            "aws_route_table.ecs_route_table",
            "aws_subnet.ecs_subnet_1",
            "aws_vpc.ecs_vpc"
          ]
        }
      ]
    },
    {
      "mode": "managed",
      "type": "aws_route_table_association",
      "name": "ecs_rta_2",
      "provider": "provider[\"registry.terraform.io/hashicorp/aws\"]",
      "instances": [
        {
          "schema_version": 0,
          "attributes": {
            "gateway_id": "",
            "id": "rtbassoc-09ad96569128e2bfc",
            "route_table_id": "rtb-07a6f9b57507fa0b6",
            "subnet_id": "subnet-09b4a651cd9f5baa7",
            "timeouts": null
          },
          "sensitive_attributes": [],
          "private": "eyJlMmJmYjczMC1lY2FhLTExZTYtOGY4OC0zNDM2M2JjN2M0YzAiOnsiY3JlYXRlIjozMDAwMDAwMDAwMDAsImRlbGV0ZSI6MzAwMDAwMDAwMDAwLCJ1cGRhdGUiOjEyMDAwMDAwMDAwMH19",
          "dependencies": [
            "aws_internet_gateway.ecs_igw",
            "aws_route_table.ecs_route_table",
            "aws_subnet.ecs_subnet_2",
            "aws_vpc.ecs_vpc"
          ]
        }
      ]
    },
    {
      "mode": "managed",
      "type": "aws_security_group",
      "name": "ecs_security_group",
      "provider": "provider[\"registry.terraform.io/hashicorp/aws\"]",
      "instances": [
        {
          "schema_version": 1,
          "attributes": {
            "arn": "arn:aws:ec2:us-east-1:496778154277:security-group/sg-005c202b45b497861",
            "description": "Managed by Terraform",
            "egress": [
              {
                "cidr_blocks": [
                  "0.0.0.0/0"
                ],
                "description": "",
                "from_port": 0,
                "ipv6_cidr_blocks": [],
                "prefix_list_ids": [],
                "protocol": "-1",
                "security_groups": [],
                "self": false,
                "to_port": 0
              }
            ],
            "id": "sg-005c202b45b497861",
            "ingress": [
              {
                "cidr_blocks": [
                  "0.0.0.0/0"
                ],
                "description": "",
                "from_port": 8081,
                "ipv6_cidr_blocks": [],
                "prefix_list_ids": [],
                "protocol": "tcp",
                "security_groups": [],
                "self": false,
                "to_port": 8081
              },
              {
                "cidr_blocks": [
                  "0.0.0.0/0"
                ],
                "description": null,
                "from_port": 80,
                "ipv6_cidr_blocks": [],
                "prefix_list_ids": [],
                "protocol": "tcp",
                "security_groups": [],
                "self": false,
                "to_port": 80
              }
            ],
            "name": "ecs-security-group",
            "name_prefix": "",
            "owner_id": "496778154277",
            "revoke_rules_on_delete": false,
            "tags": {
              "Environment": "Dev",
              "Name": "ecs-security-group"
            },
            "tags_all": {
              "Environment": "Dev",
              "Name": "ecs-security-group"
            },
            "timeouts": null,
            "vpc_id": "vpc-0b1f1f1b5fec04ae4"
          },
          "sensitive_attributes": [],
          "private": "eyJlMmJmYjczMC1lY2FhLTExZTYtOGY4OC0zNDM2M2JjN2M0YzAiOnsiY3JlYXRlIjo2MDAwMDAwMDAwMDAsImRlbGV0ZSI6OTAwMDAwMDAwMDAwfSwic2NoZW1hX3ZlcnNpb24iOiIxIn0=",
          "dependencies": [
            "aws_vpc.ecs_vpc"
          ]
        }
      ]
    },
    {
      "mode": "managed",
      "type": "aws_subnet",
      "name": "ecs_subnet_1",
      "provider": "provider[\"registry.terraform.io/hashicorp/aws\"]",
      "instances": [
        {
          "schema_version": 1,
          "attributes": {
            "arn": "arn:aws:ec2:us-east-1:496778154277:subnet/subnet-0317d26bdda2b7f59",
            "assign_ipv6_address_on_creation": false,
            "availability_zone": "us-east-1a",
            "availability_zone_id": "use1-az4",
            "cidr_block": "10.0.1.0/24",
            "customer_owned_ipv4_pool": "",
            "enable_dns64": false,
            "enable_lni_at_device_index": 0,
            "enable_resource_name_dns_a_record_on_launch": false,
            "enable_resource_name_dns_aaaa_record_on_launch": false,
            "id": "subnet-0317d26bdda2b7f59",
            "ipv6_cidr_block": "",
            "ipv6_cidr_block_association_id": "",
            "ipv6_native": false,
            "map_customer_owned_ip_on_launch": false,
            "map_public_ip_on_launch": true,
            "outpost_arn": "",
            "owner_id": "496778154277",
            "private_dns_hostname_type_on_launch": "ip-name",
            "tags": {
              "Environment": "Dev",
              "Name": "ecs-subnet-1"
            },
            "tags_all": {
              "Environment": "Dev",
              "Name": "ecs-subnet-1"
            },
            "timeouts": null,
            "vpc_id": "vpc-0b1f1f1b5fec04ae4"
          },
          "sensitive_attributes": [],
          "private": "eyJlMmJmYjczMC1lY2FhLTExZTYtOGY4OC0zNDM2M2JjN2M0YzAiOnsiY3JlYXRlIjo2MDAwMDAwMDAwMDAsImRlbGV0ZSI6MTIwMDAwMDAwMDAwMH0sInNjaGVtYV92ZXJzaW9uIjoiMSJ9",
          "dependencies": [
            "aws_vpc.ecs_vpc"
          ]
        }
      ]
    },
    {
      "mode": "managed",
      "type": "aws_subnet",
      "name": "ecs_subnet_2",
      "provider": "provider[\"registry.terraform.io/hashicorp/aws\"]",
      "instances": [
        {
          "schema_version": 1,
          "attributes": {
            "arn": "arn:aws:ec2:us-east-1:496778154277:subnet/subnet-09b4a651cd9f5baa7",
            "assign_ipv6_address_on_creation": false,
            "availability_zone": "us-east-1b",
            "availability_zone_id": "use1-az6",
            "cidr_block": "10.0.2.0/24",
            "customer_owned_ipv4_pool": "",
            "enable_dns64": false,
            "enable_lni_at_device_index": 0,
            "enable_resource_name_dns_a_record_on_launch": false,
            "enable_resource_name_dns_aaaa_record_on_launch": false,
            "id": "subnet-09b4a651cd9f5baa7",
            "ipv6_cidr_block": "",
            "ipv6_cidr_block_association_id": "",
            "ipv6_native": false,
            "map_customer_owned_ip_on_launch": false,
            "map_public_ip_on_launch": true,
            "outpost_arn": "",
            "owner_id": "496778154277",
            "private_dns_hostname_type_on_launch": "ip-name",
            "tags": {
              "Environment": "Dev",
              "Name": "ecs-subnet-2"
            },
            "tags_all": {
              "Environment": "Dev",
              "Name": "ecs-subnet-2"
            },
            "timeouts": null,
            "vpc_id": "vpc-0b1f1f1b5fec04ae4"
          },
          "sensitive_attributes": [],
          "private": "eyJlMmJmYjczMC1lY2FhLTExZTYtOGY4OC0zNDM2M2JjN2M0YzAiOnsiY3JlYXRlIjo2MDAwMDAwMDAwMDAsImRlbGV0ZSI6MTIwMDAwMDAwMDAwMH0sInNjaGVtYV92ZXJzaW9uIjoiMSJ9",
          "dependencies": [
            "aws_vpc.ecs_vpc"
          ]
        }
      ]
    },
    {
      "mode": "managed",
      "type": "aws_vpc",
      "name": "ecs_vpc",
      "provider": "provider[\"registry.terraform.io/hashicorp/aws\"]",
      "instances": [
        {
          "schema_version": 1,
          "attributes": {
            "arn": "arn:aws:ec2:us-east-1:496778154277:vpc/vpc-0b1f1f1b5fec04ae4",
            "assign_generated_ipv6_cidr_block": false,
            "cidr_block": "10.0.0.0/16",
            "default_network_acl_id": "acl-08e20851481335aa3",
            "default_route_table_id": "rtb-0b080bbfc45c4ee28",
            "default_security_group_id": "sg-0774907777983b901",
            "dhcp_options_id": "dopt-0319f9d267803cac4",
            "enable_dns_hostnames": false,
            "enable_dns_support": true,
            "enable_network_address_usage_metrics": false,
            "id": "vpc-0b1f1f1b5fec04ae4",
            "instance_tenancy": "default",
            "ipv4_ipam_pool_id": null,
            "ipv4_netmask_length": null,
            "ipv6_association_id": "",
            "ipv6_cidr_block": "",
            "ipv6_cidr_block_network_border_group": "",
            "ipv6_ipam_pool_id": "",
            "ipv6_netmask_length": 0,
            "main_route_table_id": "rtb-0b080bbfc45c4ee28",
            "owner_id": "496778154277",
            "tags": {
              "Environment": "Dev",
              "Name": "ecs-vpc"
            },
            "tags_all": {
              "Environment": "Dev",
              "Name": "ecs-vpc"
            }
          },
          "sensitive_attributes": [],
          "private": "eyJzY2hlbWFfdmVyc2lvbiI6IjEifQ=="
        }
      ]
    }
  ],
  "check_results": null
}
